// !$*UTF8*$!
{
	archiveVersion = 1;
	classes = {
	};
	objectVersion = 56;
	objects = {

/* Begin PBXBuildFile section */
		DE0E82972BFDEC1A0009522F /* uploadVideoViewController.swift in Sources */ = {isa = PBXBuildFile; fileRef = DE0E82962BFDEC1A0009522F /* uploadVideoViewController.swift */; };
		DE0E82992BFE363A0009522F /* FirebaseDynamicLinks in Frameworks */ = {isa = PBXBuildFile; productRef = DE0E82982BFE363A0009522F /* FirebaseDynamicLinks */; };
		DE0E829B2BFE363A0009522F /* FirebaseFirestore in Frameworks */ = {isa = PBXBuildFile; productRef = DE0E829A2BFE363A0009522F /* FirebaseFirestore */; };
		DE0E829D2BFE363A0009522F /* FirebaseStorage in Frameworks */ = {isa = PBXBuildFile; productRef = DE0E829C2BFE363A0009522F /* FirebaseStorage */; };
		DE0E829F2BFE363A0009522F /* FirebaseStorageCombine-Community in Frameworks */ = {isa = PBXBuildFile; productRef = DE0E829E2BFE363A0009522F /* FirebaseStorageCombine-Community */; };
		DE2DA5F92BFB843600E1CF1E /* AppDelegate.swift in Sources */ = {isa = PBXBuildFile; fileRef = DE2DA5F82BFB843600E1CF1E /* AppDelegate.swift */; };
		DE2DA5FB2BFB843600E1CF1E /* SceneDelegate.swift in Sources */ = {isa = PBXBuildFile; fileRef = DE2DA5FA2BFB843600E1CF1E /* SceneDelegate.swift */; };
		DE2DA5FD2BFB843600E1CF1E /* ViewController.swift in Sources */ = {isa = PBXBuildFile; fileRef = DE2DA5FC2BFB843600E1CF1E /* ViewController.swift */; };
		DE2DA6002BFB843600E1CF1E /* Main.storyboard in Resources */ = {isa = PBXBuildFile; fileRef = DE2DA5FE2BFB843600E1CF1E /* Main.storyboard */; };
		DE2DA6022BFB843700E1CF1E /* Assets.xcassets in Resources */ = {isa = PBXBuildFile; fileRef = DE2DA6012BFB843700E1CF1E /* Assets.xcassets */; };
		DE2DA6052BFB843700E1CF1E /* LaunchScreen.storyboard in Resources */ = {isa = PBXBuildFile; fileRef = DE2DA6032BFB843700E1CF1E /* LaunchScreen.storyboard */; };
		DE2DA6102BFB843700E1CF1E /* loginPageTests.swift in Sources */ = {isa = PBXBuildFile; fileRef = DE2DA60F2BFB843700E1CF1E /* loginPageTests.swift */; };
		DE2DA61A2BFB843700E1CF1E /* loginPageUITests.swift in Sources */ = {isa = PBXBuildFile; fileRef = DE2DA6192BFB843700E1CF1E /* loginPageUITests.swift */; };
		DE2DA61C2BFB843700E1CF1E /* loginPageUITestsLaunchTests.swift in Sources */ = {isa = PBXBuildFile; fileRef = DE2DA61B2BFB843700E1CF1E /* loginPageUITestsLaunchTests.swift */; };
		DE2DA6292BFB881800E1CF1E /* LoginViewController.swift in Sources */ = {isa = PBXBuildFile; fileRef = DE2DA6282BFB881800E1CF1E /* LoginViewController.swift */; };
		DE2DA62B2BFB882E00E1CF1E /* SignupViewController.swift in Sources */ = {isa = PBXBuildFile; fileRef = DE2DA62A2BFB882E00E1CF1E /* SignupViewController.swift */; };
		DE2DA6302BFB933200E1CF1E /* FirebaseAnalytics in Frameworks */ = {isa = PBXBuildFile; productRef = DE2DA62F2BFB933200E1CF1E /* FirebaseAnalytics */; };
		DE2DA6322BFB933200E1CF1E /* FirebaseAuth in Frameworks */ = {isa = PBXBuildFile; productRef = DE2DA6312BFB933200E1CF1E /* FirebaseAuth */; };
		DE2DA6342BFB933200E1CF1E /* FirebaseDatabase in Frameworks */ = {isa = PBXBuildFile; productRef = DE2DA6332BFB933200E1CF1E /* FirebaseDatabase */; };
		DE2DA6382BFB962900E1CF1E /* GoogleService-Info.plist in Resources */ = {isa = PBXBuildFile; fileRef = DE2DA6372BFB962900E1CF1E /* GoogleService-Info.plist */; };
/* End PBXBuildFile section */

/* Begin PBXContainerItemProxy section */
		DE2DA60C2BFB843700E1CF1E /* PBXContainerItemProxy */ = {
			isa = PBXContainerItemProxy;
			containerPortal = DE2DA5ED2BFB843600E1CF1E /* Project object */;
			proxyType = 1;
			remoteGlobalIDString = DE2DA5F42BFB843600E1CF1E;
			remoteInfo = loginPage;
		};
		DE2DA6162BFB843700E1CF1E /* PBXContainerItemProxy */ = {
			isa = PBXContainerItemProxy;
			containerPortal = DE2DA5ED2BFB843600E1CF1E /* Project object */;
			proxyType = 1;
			remoteGlobalIDString = DE2DA5F42BFB843600E1CF1E;
			remoteInfo = loginPage;
		};
/* End PBXContainerItemProxy section */

/* Begin PBXFileReference section */
		DE0E82962BFDEC1A0009522F /* uploadVideoViewController.swift */ = {isa = PBXFileReference; lastKnownFileType = sourcecode.swift; path = uploadVideoViewController.swift; sourceTree = "<group>"; };
		DE2DA5F52BFB843600E1CF1E /* loginPage.app */ = {isa = PBXFileReference; explicitFileType = wrapper.application; includeInIndex = 0; path = loginPage.app; sourceTree = BUILT_PRODUCTS_DIR; };
		DE2DA5F82BFB843600E1CF1E /* AppDelegate.swift */ = {isa = PBXFileReference; lastKnownFileType = sourcecode.swift; path = AppDelegate.swift; sourceTree = "<group>"; };
		DE2DA5FA2BFB843600E1CF1E /* SceneDelegate.swift */ = {isa = PBXFileReference; lastKnownFileType = sourcecode.swift; path = SceneDelegate.swift; sourceTree = "<group>"; };
		DE2DA5FC2BFB843600E1CF1E /* ViewController.swift */ = {isa = PBXFileReference; lastKnownFileType = sourcecode.swift; path = ViewController.swift; sourceTree = "<group>"; };
		DE2DA5FF2BFB843600E1CF1E /* Base */ = {isa = PBXFileReference; lastKnownFileType = file.storyboard; name = Base; path = Base.lproj/Main.storyboard; sourceTree = "<group>"; };
		DE2DA6012BFB843700E1CF1E /* Assets.xcassets */ = {isa = PBXFileReference; lastKnownFileType = folder.assetcatalog; path = Assets.xcassets; sourceTree = "<group>"; };
		DE2DA6042BFB843700E1CF1E /* Base */ = {isa = PBXFileReference; lastKnownFileType = file.storyboard; name = Base; path = Base.lproj/LaunchScreen.storyboard; sourceTree = "<group>"; };
		DE2DA6062BFB843700E1CF1E /* Info.plist */ = {isa = PBXFileReference; lastKnownFileType = text.plist.xml; path = Info.plist; sourceTree = "<group>"; };
		DE2DA60B2BFB843700E1CF1E /* loginPageTests.xctest */ = {isa = PBXFileReference; explicitFileType = wrapper.cfbundle; includeInIndex = 0; path = loginPageTests.xctest; sourceTree = BUILT_PRODUCTS_DIR; };
		DE2DA60F2BFB843700E1CF1E /* loginPageTests.swift */ = {isa = PBXFileReference; lastKnownFileType = sourcecode.swift; path = loginPageTests.swift; sourceTree = "<group>"; };
		DE2DA6152BFB843700E1CF1E /* loginPageUITests.xctest */ = {isa = PBXFileReference; explicitFileType = wrapper.cfbundle; includeInIndex = 0; path = loginPageUITests.xctest; sourceTree = BUILT_PRODUCTS_DIR; };
		DE2DA6192BFB843700E1CF1E /* loginPageUITests.swift */ = {isa = PBXFileReference; lastKnownFileType = sourcecode.swift; path = loginPageUITests.swift; sourceTree = "<group>"; };
		DE2DA61B2BFB843700E1CF1E /* loginPageUITestsLaunchTests.swift */ = {isa = PBXFileReference; lastKnownFileType = sourcecode.swift; path = loginPageUITestsLaunchTests.swift; sourceTree = "<group>"; };
		DE2DA6282BFB881800E1CF1E /* LoginViewController.swift */ = {isa = PBXFileReference; lastKnownFileType = sourcecode.swift; path = LoginViewController.swift; sourceTree = "<group>"; };
		DE2DA62A2BFB882E00E1CF1E /* SignupViewController.swift */ = {isa = PBXFileReference; lastKnownFileType = sourcecode.swift; path = SignupViewController.swift; sourceTree = "<group>"; };
		DE2DA6372BFB962900E1CF1E /* GoogleService-Info.plist */ = {isa = PBXFileReference; fileEncoding = 4; lastKnownFileType = text.plist.xml; path = "GoogleService-Info.plist"; sourceTree = "<group>"; };
/* End PBXFileReference section */

/* Begin PBXFrameworksBuildPhase section */
		DE2DA5F22BFB843600E1CF1E /* Frameworks */ = {
			isa = PBXFrameworksBuildPhase;
			buildActionMask = 2147483647;
			files = (
				DE2DA6342BFB933200E1CF1E /* FirebaseDatabase in Frameworks */,
				DE0E829F2BFE363A0009522F /* FirebaseStorageCombine-Community in Frameworks */,
				DE2DA6302BFB933200E1CF1E /* FirebaseAnalytics in Frameworks */,
				DE2DA6322BFB933200E1CF1E /* FirebaseAuth in Frameworks */,
				DE0E829B2BFE363A0009522F /* FirebaseFirestore in Frameworks */,
				DE0E82992BFE363A0009522F /* FirebaseDynamicLinks in Frameworks */,
				DE0E829D2BFE363A0009522F /* FirebaseStorage in Frameworks */,
			);
			runOnlyForDeploymentPostprocessing = 0;
		};
		DE2DA6082BFB843700E1CF1E /* Frameworks */ = {
			isa = PBXFrameworksBuildPhase;
			buildActionMask = 2147483647;
			files = (
			);
			runOnlyForDeploymentPostprocessing = 0;
		};
		DE2DA6122BFB843700E1CF1E /* Frameworks */ = {
			isa = PBXFrameworksBuildPhase;
			buildActionMask = 2147483647;
			files = (
			);
			runOnlyForDeploymentPostprocessing = 0;
		};
/* End PBXFrameworksBuildPhase section */

/* Begin PBXGroup section */
		DE2DA5EC2BFB843600E1CF1E = {
			isa = PBXGroup;
			children = (
				DE2DA5F72BFB843600E1CF1E /* loginPage */,
				DE2DA60E2BFB843700E1CF1E /* loginPageTests */,
				DE2DA6182BFB843700E1CF1E /* loginPageUITests */,
				DE2DA5F62BFB843600E1CF1E /* Products */,
			);
			sourceTree = "<group>";
		};
		DE2DA5F62BFB843600E1CF1E /* Products */ = {
			isa = PBXGroup;
			children = (
				DE2DA5F52BFB843600E1CF1E /* loginPage.app */,
				DE2DA60B2BFB843700E1CF1E /* loginPageTests.xctest */,
				DE2DA6152BFB843700E1CF1E /* loginPageUITests.xctest */,
			);
			name = Products;
			sourceTree = "<group>";
		};
		DE2DA5F72BFB843600E1CF1E /* loginPage */ = {
			isa = PBXGroup;
			children = (
				DE2DA6372BFB962900E1CF1E /* GoogleService-Info.plist */,
				DE2DA5F82BFB843600E1CF1E /* AppDelegate.swift */,
				DE2DA5FA2BFB843600E1CF1E /* SceneDelegate.swift */,
				DE2DA5FC2BFB843600E1CF1E /* ViewController.swift */,
				DE2DA5FE2BFB843600E1CF1E /* Main.storyboard */,
				DE0E82962BFDEC1A0009522F /* uploadVideoViewController.swift */,
				DE2DA6282BFB881800E1CF1E /* LoginViewController.swift */,
				DE2DA62A2BFB882E00E1CF1E /* SignupViewController.swift */,
				DE2DA6012BFB843700E1CF1E /* Assets.xcassets */,
				DE2DA6032BFB843700E1CF1E /* LaunchScreen.storyboard */,
				DE2DA6062BFB843700E1CF1E /* Info.plist */,
			);
			path = loginPage;
			sourceTree = "<group>";
		};
		DE2DA60E2BFB843700E1CF1E /* loginPageTests */ = {
			isa = PBXGroup;
			children = (
				DE2DA60F2BFB843700E1CF1E /* loginPageTests.swift */,
			);
			path = loginPageTests;
			sourceTree = "<group>";
		};
		DE2DA6182BFB843700E1CF1E /* loginPageUITests */ = {
			isa = PBXGroup;
			children = (
				DE2DA6192BFB843700E1CF1E /* loginPageUITests.swift */,
				DE2DA61B2BFB843700E1CF1E /* loginPageUITestsLaunchTests.swift */,
			);
			path = loginPageUITests;
			sourceTree = "<group>";
		};
/* End PBXGroup section */

/* Begin PBXNativeTarget section */
		DE2DA5F42BFB843600E1CF1E /* loginPage */ = {
			isa = PBXNativeTarget;
			buildConfigurationList = DE2DA61F2BFB843700E1CF1E /* Build configuration list for PBXNativeTarget "loginPage" */;
			buildPhases = (
				DE2DA5F12BFB843600E1CF1E /* Sources */,
				DE2DA5F22BFB843600E1CF1E /* Frameworks */,
				DE2DA5F32BFB843600E1CF1E /* Resources */,
			);
			buildRules = (
			);
			dependencies = (
			);
			name = loginPage;
			packageProductDependencies = (
				DE2DA62F2BFB933200E1CF1E /* FirebaseAnalytics */,
				DE2DA6312BFB933200E1CF1E /* FirebaseAuth */,
				DE2DA6332BFB933200E1CF1E /* FirebaseDatabase */,
				DE0E82982BFE363A0009522F /* FirebaseDynamicLinks */,
				DE0E829A2BFE363A0009522F /* FirebaseFirestore */,
				DE0E829C2BFE363A0009522F /* FirebaseStorage */,
				DE0E829E2BFE363A0009522F /* FirebaseStorageCombine-Community */,
			);
			productName = loginPage;
			productReference = DE2DA5F52BFB843600E1CF1E /* loginPage.app */;
			productType = "com.apple.product-type.application";
		};
		DE2DA60A2BFB843700E1CF1E /* loginPageTests */ = {
			isa = PBXNativeTarget;
			buildConfigurationList = DE2DA6222BFB843700E1CF1E /* Build configuration list for PBXNativeTarget "loginPageTests" */;
			buildPhases = (
				DE2DA6072BFB843700E1CF1E /* Sources */,
				DE2DA6082BFB843700E1CF1E /* Frameworks */,
				DE2DA6092BFB843700E1CF1E /* Resources */,
			);
			buildRules = (
			);
			dependencies = (
				DE2DA60D2BFB843700E1CF1E /* PBXTargetDependency */,
			);
			name = loginPageTests;
			productName = loginPageTests;
			productReference = DE2DA60B2BFB843700E1CF1E /* loginPageTests.xctest */;
			productType = "com.apple.product-type.bundle.unit-test";
		};
		DE2DA6142BFB843700E1CF1E /* loginPageUITests */ = {
			isa = PBXNativeTarget;
			buildConfigurationList = DE2DA6252BFB843700E1CF1E /* Build configuration list for PBXNativeTarget "loginPageUITests" */;
			buildPhases = (
				DE2DA6112BFB843700E1CF1E /* Sources */,
				DE2DA6122BFB843700E1CF1E /* Frameworks */,
				DE2DA6132BFB843700E1CF1E /* Resources */,
			);
			buildRules = (
			);
			dependencies = (
				DE2DA6172BFB843700E1CF1E /* PBXTargetDependency */,
			);
			name = loginPageUITests;
			productName = loginPageUITests;
			productReference = DE2DA6152BFB843700E1CF1E /* loginPageUITests.xctest */;
			productType = "com.apple.product-type.bundle.ui-testing";
		};
/* End PBXNativeTarget section */

/* Begin PBXProject section */
		DE2DA5ED2BFB843600E1CF1E /* Project object */ = {
			isa = PBXProject;
			attributes = {
				BuildIndependentTargetsInParallel = 1;
				LastSwiftUpdateCheck = 1510;
				LastUpgradeCheck = 1510;
				TargetAttributes = {
					DE2DA5F42BFB843600E1CF1E = {
						CreatedOnToolsVersion = 15.1;
					};
					DE2DA60A2BFB843700E1CF1E = {
						CreatedOnToolsVersion = 15.1;
						TestTargetID = DE2DA5F42BFB843600E1CF1E;
					};
					DE2DA6142BFB843700E1CF1E = {
						CreatedOnToolsVersion = 15.1;
						TestTargetID = DE2DA5F42BFB843600E1CF1E;
					};
				};
			};
			buildConfigurationList = DE2DA5F02BFB843600E1CF1E /* Build configuration list for PBXProject "loginPage" */;
			compatibilityVersion = "Xcode 14.0";
			developmentRegion = en;
			hasScannedForEncodings = 0;
			knownRegions = (
				en,
				Base,
			);
			mainGroup = DE2DA5EC2BFB843600E1CF1E;
			packageReferences = (
				DE2DA62E2BFB933200E1CF1E /* XCRemoteSwiftPackageReference "firebase-ios-sdk" */,
			);
			productRefGroup = DE2DA5F62BFB843600E1CF1E /* Products */;
			projectDirPath = "";
			projectRoot = "";
			targets = (
				DE2DA5F42BFB843600E1CF1E /* loginPage */,
				DE2DA60A2BFB843700E1CF1E /* loginPageTests */,
				DE2DA6142BFB843700E1CF1E /* loginPageUITests */,
			);
		};
/* End PBXProject section */

/* Begin PBXResourcesBuildPhase section */
		DE2DA5F32BFB843600E1CF1E /* Resources */ = {
			isa = PBXResourcesBuildPhase;
			buildActionMask = 2147483647;
			files = (
				DE2DA6052BFB843700E1CF1E /* LaunchScreen.storyboard in Resources */,
				DE2DA6382BFB962900E1CF1E /* GoogleService-Info.plist in Resources */,
				DE2DA6022BFB843700E1CF1E /* Assets.xcassets in Resources */,
				DE2DA6002BFB843600E1CF1E /* Main.storyboard in Resources */,
			);
			runOnlyForDeploymentPostprocessing = 0;
		};
		DE2DA6092BFB843700E1CF1E /* Resources */ = {
			isa = PBXResourcesBuildPhase;
			buildActionMask = 2147483647;
			files = (
			);
			runOnlyForDeploymentPostprocessing = 0;
		};
		DE2DA6132BFB843700E1CF1E /* Resources */ = {
			isa = PBXResourcesBuildPhase;
			buildActionMask = 2147483647;
			files = (
			);
			runOnlyForDeploymentPostprocessing = 0;
		};
/* End PBXResourcesBuildPhase section */

/* Begin PBXSourcesBuildPhase section */
		DE2DA5F12BFB843600E1CF1E /* Sources */ = {
			isa = PBXSourcesBuildPhase;
			buildActionMask = 2147483647;
			files = (
				DE2DA6292BFB881800E1CF1E /* LoginViewController.swift in Sources */,
				DE0E82972BFDEC1A0009522F /* uploadVideoViewController.swift in Sources */,
				DE2DA5FD2BFB843600E1CF1E /* ViewController.swift in Sources */,
				DE2DA62B2BFB882E00E1CF1E /* SignupViewController.swift in Sources */,
				DE2DA5F92BFB843600E1CF1E /* AppDelegate.swift in Sources */,
				DE2DA5FB2BFB843600E1CF1E /* SceneDelegate.swift in Sources */,
			);
			runOnlyForDeploymentPostprocessing = 0;
		};
		DE2DA6072BFB843700E1CF1E /* Sources */ = {
			isa = PBXSourcesBuildPhase;
			buildActionMask = 2147483647;
			files = (
				DE2DA6102BFB843700E1CF1E /* loginPageTests.swift in Sources */,
			);
			runOnlyForDeploymentPostprocessing = 0;
		};
		DE2DA6112BFB843700E1CF1E /* Sources */ = {
			isa = PBXSourcesBuildPhase;
			buildActionMask = 2147483647;
			files = (
				DE2DA61A2BFB843700E1CF1E /* loginPageUITests.swift in Sources */,
				DE2DA61C2BFB843700E1CF1E /* loginPageUITestsLaunchTests.swift in Sources */,
			);
			runOnlyForDeploymentPostprocessing = 0;
		};
/* End PBXSourcesBuildPhase section */

/* Begin PBXTargetDependency section */
		DE2DA60D2BFB843700E1CF1E /* PBXTargetDependency */ = {
			isa = PBXTargetDependency;
			target = DE2DA5F42BFB843600E1CF1E /* loginPage */;
			targetProxy = DE2DA60C2BFB843700E1CF1E /* PBXContainerItemProxy */;
		};
		DE2DA6172BFB843700E1CF1E /* PBXTargetDependency */ = {
			isa = PBXTargetDependency;
			target = DE2DA5F42BFB843600E1CF1E /* loginPage */;
			targetProxy = DE2DA6162BFB843700E1CF1E /* PBXContainerItemProxy */;
		};
/* End PBXTargetDependency section */

/* Begin PBXVariantGroup section */
		DE2DA5FE2BFB843600E1CF1E /* Main.storyboard */ = {
			isa = PBXVariantGroup;
			children = (
				DE2DA5FF2BFB843600E1CF1E /* Base */,
			);
			name = Main.storyboard;
			sourceTree = "<group>";
		};
		DE2DA6032BFB843700E1CF1E /* LaunchScreen.storyboard */ = {
			isa = PBXVariantGroup;
			children = (
				DE2DA6042BFB843700E1CF1E /* Base */,
			);
			name = LaunchScreen.storyboard;
			sourceTree = "<group>";
		};
/* End PBXVariantGroup section */

/* Begin XCBuildConfiguration section */
		DE2DA61D2BFB843700E1CF1E /* Debug */ = {
			isa = XCBuildConfiguration;
			buildSettings = {
				ALWAYS_SEARCH_USER_PATHS = NO;
				ASSETCATALOG_COMPILER_GENERATE_SWIFT_ASSET_SYMBOL_EXTENSIONS = YES;
				CLANG_ANALYZER_NONNULL = YES;
				CLANG_ANALYZER_NUMBER_OBJECT_CONVERSION = YES_AGGRESSIVE;
				CLANG_CXX_LANGUAGE_STANDARD = "gnu++20";
				CLANG_ENABLE_MODULES = YES;
				CLANG_ENABLE_OBJC_ARC = YES;
				CLANG_ENABLE_OBJC_WEAK = YES;
				CLANG_WARN_BLOCK_CAPTURE_AUTORELEASING = YES;
				CLANG_WARN_BOOL_CONVERSION = YES;
				CLANG_WARN_COMMA = YES;
				CLANG_WARN_CONSTANT_CONVERSION = YES;
				CLANG_WARN_DEPRECATED_OBJC_IMPLEMENTATIONS = YES;
				CLANG_WARN_DIRECT_OBJC_ISA_USAGE = YES_ERROR;
				CLANG_WARN_DOCUMENTATION_COMMENTS = YES;
				CLANG_WARN_EMPTY_BODY = YES;
				CLANG_WARN_ENUM_CONVERSION = YES;
				CLANG_WARN_INFINITE_RECURSION = YES;
				CLANG_WARN_INT_CONVERSION = YES;
				CLANG_WARN_NON_LITERAL_NULL_CONVERSION = YES;
				CLANG_WARN_OBJC_IMPLICIT_RETAIN_SELF = YES;
				CLANG_WARN_OBJC_LITERAL_CONVERSION = YES;
				CLANG_WARN_OBJC_ROOT_CLASS = YES_ERROR;
				CLANG_WARN_QUOTED_INCLUDE_IN_FRAMEWORK_HEADER = YES;
				CLANG_WARN_RANGE_LOOP_ANALYSIS = YES;
				CLANG_WARN_STRICT_PROTOTYPES = YES;
				CLANG_WARN_SUSPICIOUS_MOVE = YES;
				CLANG_WARN_UNGUARDED_AVAILABILITY = YES_AGGRESSIVE;
				CLANG_WARN_UNREACHABLE_CODE = YES;
				CLANG_WARN__DUPLICATE_METHOD_MATCH = YES;
				COPY_PHASE_STRIP = NO;
				DEBUG_INFORMATION_FORMAT = dwarf;
				ENABLE_STRICT_OBJC_MSGSEND = YES;
				ENABLE_TESTABILITY = YES;
				ENABLE_USER_SCRIPT_SANDBOXING = YES;
				GCC_C_LANGUAGE_STANDARD = gnu17;
				GCC_DYNAMIC_NO_PIC = NO;
				GCC_NO_COMMON_BLOCKS = YES;
				GCC_OPTIMIZATION_LEVEL = 0;
				GCC_PREPROCESSOR_DEFINITIONS = (
					"DEBUG=1",
					"$(inherited)",
				);
				GCC_WARN_64_TO_32_BIT_CONVERSION = YES;
				GCC_WARN_ABOUT_RETURN_TYPE = YES_ERROR;
				GCC_WARN_UNDECLARED_SELECTOR = YES;
				GCC_WARN_UNINITIALIZED_AUTOS = YES_AGGRESSIVE;
				GCC_WARN_UNUSED_FUNCTION = YES;
				GCC_WARN_UNUSED_VARIABLE = YES;
				IPHONEOS_DEPLOYMENT_TARGET = 17.2;
				LOCALIZATION_PREFERS_STRING_CATALOGS = YES;
				MTL_ENABLE_DEBUG_INFO = INCLUDE_SOURCE;
				MTL_FAST_MATH = YES;
				ONLY_ACTIVE_ARCH = YES;
				SDKROOT = iphoneos;
				SWIFT_ACTIVE_COMPILATION_CONDITIONS = "DEBUG $(inherited)";
				SWIFT_OPTIMIZATION_LEVEL = "-Onone";
			};
			name = Debug;
		};
		DE2DA61E2BFB843700E1CF1E /* Release */ = {
			isa = XCBuildConfiguration;
			buildSettings = {
				ALWAYS_SEARCH_USER_PATHS = NO;
				ASSETCATALOG_COMPILER_GENERATE_SWIFT_ASSET_SYMBOL_EXTENSIONS = YES;
				CLANG_ANALYZER_NONNULL = YES;
				CLANG_ANALYZER_NUMBER_OBJECT_CONVERSION = YES_AGGRESSIVE;
				CLANG_CXX_LANGUAGE_STANDARD = "gnu++20";
				CLANG_ENABLE_MODULES = YES;
				CLANG_ENABLE_OBJC_ARC = YES;
				CLANG_ENABLE_OBJC_WEAK = YES;
				CLANG_WARN_BLOCK_CAPTURE_AUTORELEASING = YES;
				CLANG_WARN_BOOL_CONVERSION = YES;
				CLANG_WARN_COMMA = YES;
				CLANG_WARN_CONSTANT_CONVERSION = YES;
				CLANG_WARN_DEPRECATED_OBJC_IMPLEMENTATIONS = YES;
				CLANG_WARN_DIRECT_OBJC_ISA_USAGE = YES_ERROR;
				CLANG_WARN_DOCUMENTATION_COMMENTS = YES;
				CLANG_WARN_EMPTY_BODY = YES;
				CLANG_WARN_ENUM_CONVERSION = YES;
				CLANG_WARN_INFINITE_RECURSION = YES;
				CLANG_WARN_INT_CONVERSION = YES;
				CLANG_WARN_NON_LITERAL_NULL_CONVERSION = YES;
				CLANG_WARN_OBJC_IMPLICIT_RETAIN_SELF = YES;
				CLANG_WARN_OBJC_LITERAL_CONVERSION = YES;
				CLANG_WARN_OBJC_ROOT_CLASS = YES_ERROR;
				CLANG_WARN_QUOTED_INCLUDE_IN_FRAMEWORK_HEADER = YES;
				CLANG_WARN_RANGE_LOOP_ANALYSIS = YES;
				CLANG_WARN_STRICT_PROTOTYPES = YES;
				CLANG_WARN_SUSPICIOUS_MOVE = YES;
				CLANG_WARN_UNGUARDED_AVAILABILITY = YES_AGGRESSIVE;
				CLANG_WARN_UNREACHABLE_CODE = YES;
				CLANG_WARN__DUPLICATE_METHOD_MATCH = YES;
				COPY_PHASE_STRIP = NO;
				DEBUG_INFORMATION_FORMAT = "dwarf-with-dsym";
				ENABLE_NS_ASSERTIONS = NO;
				ENABLE_STRICT_OBJC_MSGSEND = YES;
				ENABLE_USER_SCRIPT_SANDBOXING = YES;
				GCC_C_LANGUAGE_STANDARD = gnu17;
				GCC_NO_COMMON_BLOCKS = YES;
				GCC_WARN_64_TO_32_BIT_CONVERSION = YES;
				GCC_WARN_ABOUT_RETURN_TYPE = YES_ERROR;
				GCC_WARN_UNDECLARED_SELECTOR = YES;
				GCC_WARN_UNINITIALIZED_AUTOS = YES_AGGRESSIVE;
				GCC_WARN_UNUSED_FUNCTION = YES;
				GCC_WARN_UNUSED_VARIABLE = YES;
				IPHONEOS_DEPLOYMENT_TARGET = 17.2;
				LOCALIZATION_PREFERS_STRING_CATALOGS = YES;
				MTL_ENABLE_DEBUG_INFO = NO;
				MTL_FAST_MATH = YES;
				SDKROOT = iphoneos;
				SWIFT_COMPILATION_MODE = wholemodule;
				VALIDATE_PRODUCT = YES;
			};
			name = Release;
		};
		DE2DA6202BFB843700E1CF1E /* Debug */ = {
			isa = XCBuildConfiguration;
			buildSettings = {
				ASSETCATALOG_COMPILER_APPICON_NAME = AppIcon;
				ASSETCATALOG_COMPILER_GLOBAL_ACCENT_COLOR_NAME = AccentColor;
				CODE_SIGN_STYLE = Automatic;
				CURRENT_PROJECT_VERSION = 1;
				GENERATE_INFOPLIST_FILE = YES;
				INFOPLIST_FILE = loginPage/Info.plist;
				INFOPLIST_KEY_UIApplicationSupportsIndirectInputEvents = YES;
				INFOPLIST_KEY_UILaunchStoryboardName = LaunchScreen;
				INFOPLIST_KEY_UIMainStoryboardFile = Main;
				INFOPLIST_KEY_UISupportedInterfaceOrientations_iPad = "UIInterfaceOrientationPortrait UIInterfaceOrientationPortraitUpsideDown UIInterfaceOrientationLandscapeLeft UIInterfaceOrientationLandscapeRight";
				INFOPLIST_KEY_UISupportedInterfaceOrientations_iPhone = "UIInterfaceOrientationPortrait UIInterfaceOrientationLandscapeLeft UIInterfaceOrientationLandscapeRight";
				LD_RUNPATH_SEARCH_PATHS = (
					"$(inherited)",
					"@executable_path/Frameworks",
				);
				MARKETING_VERSION = 1.0;
				PRODUCT_BUNDLE_IDENTIFIER = yangqingru.loginPage;
				PRODUCT_NAME = "$(TARGET_NAME)";
				SWIFT_EMIT_LOC_STRINGS = YES;
				SWIFT_VERSION = 5.0;
				TARGETED_DEVICE_FAMILY = "1,2";
			};
			name = Debug;
		};
		DE2DA6212BFB843700E1CF1E /* Release */ = {
			isa = XCBuildConfiguration;
			buildSettings = {
				ASSETCATALOG_COMPILER_APPICON_NAME = AppIcon;
				ASSETCATALOG_COMPILER_GLOBAL_ACCENT_COLOR_NAME = AccentColor;
				CODE_SIGN_STYLE = Automatic;
				CURRENT_PROJECT_VERSION = 1;
				GENERATE_INFOPLIST_FILE = YES;
				INFOPLIST_FILE = loginPage/Info.plist;
				INFOPLIST_KEY_UIApplicationSupportsIndirectInputEvents = YES;
				INFOPLIST_KEY_UILaunchStoryboardName = LaunchScreen;
				INFOPLIST_KEY_UIMainStoryboardFile = Main;
				INFOPLIST_KEY_UISupportedInterfaceOrientations_iPad = "UIInterfaceOrientationPortrait UIInterfaceOrientationPortraitUpsideDown UIInterfaceOrientationLandscapeLeft UIInterfaceOrientationLandscapeRight";
				INFOPLIST_KEY_UISupportedInterfaceOrientations_iPhone = "UIInterfaceOrientationPortrait UIInterfaceOrientationLandscapeLeft UIInterfaceOrientationLandscapeRight";
				LD_RUNPATH_SEARCH_PATHS = (
					"$(inherited)",
					"@executable_path/Frameworks",
				);
				MARKETING_VERSION = 1.0;
				PRODUCT_BUNDLE_IDENTIFIER = yangqingru.loginPage;
				PRODUCT_NAME = "$(TARGET_NAME)";
				SWIFT_EMIT_LOC_STRINGS = YES;
				SWIFT_VERSION = 5.0;
				TARGETED_DEVICE_FAMILY = "1,2";
			};
			name = Release;
		};
		DE2DA6232BFB843700E1CF1E /* Debug */ = {
			isa = XCBuildConfiguration;
			buildSettings = {
				ALWAYS_EMBED_SWIFT_STANDARD_LIBRARIES = YES;
				BUNDLE_LOADER = "$(TEST_HOST)";
				CODE_SIGN_STYLE = Automatic;
				CURRENT_PROJECT_VERSION = 1;
				GENERATE_INFOPLIST_FILE = YES;
				IPHONEOS_DEPLOYMENT_TARGET = 17.2;
				MARKETING_VERSION = 1.0;
				PRODUCT_BUNDLE_IDENTIFIER = yangqingru.loginPageTests;
				PRODUCT_NAME = "$(TARGET_NAME)";
				SWIFT_EMIT_LOC_STRINGS = NO;
				SWIFT_VERSION = 5.0;
				TARGETED_DEVICE_FAMILY = "1,2";
				TEST_HOST = "$(BUILT_PRODUCTS_DIR)/loginPage.app/$(BUNDLE_EXECUTABLE_FOLDER_PATH)/loginPage";
			};
			name = Debug;
		};
		DE2DA6242BFB843700E1CF1E /* Release */ = {
			isa = XCBuildConfiguration;
			buildSettings = {
				ALWAYS_EMBED_SWIFT_STANDARD_LIBRARIES = YES;
				BUNDLE_LOADER = "$(TEST_HOST)";
				CODE_SIGN_STYLE = Automatic;
				CURRENT_PROJECT_VERSION = 1;
				GENERATE_INFOPLIST_FILE = YES;
				IPHONEOS_DEPLOYMENT_TARGET = 17.2;
				MARKETING_VERSION = 1.0;
				PRODUCT_BUNDLE_IDENTIFIER = yangqingru.loginPageTests;
				PRODUCT_NAME = "$(TARGET_NAME)";
				SWIFT_EMIT_LOC_STRINGS = NO;
				SWIFT_VERSION = 5.0;
				TARGETED_DEVICE_FAMILY = "1,2";
				TEST_HOST = "$(BUILT_PRODUCTS_DIR)/loginPage.app/$(BUNDLE_EXECUTABLE_FOLDER_PATH)/loginPage";
			};
			name = Release;
		};
		DE2DA6262BFB843700E1CF1E /* Debug */ = {
			isa = XCBuildConfiguration;
			buildSettings = {
				ALWAYS_EMBED_SWIFT_STANDARD_LIBRARIES = YES;
				CODE_SIGN_STYLE = Automatic;
				CURRENT_PROJECT_VERSION = 1;
				GENERATE_INFOPLIST_FILE = YES;
				MARKETING_VERSION = 1.0;
				PRODUCT_BUNDLE_IDENTIFIER = yangqingru.loginPageUITests;
				PRODUCT_NAME = "$(TARGET_NAME)";
				SWIFT_EMIT_LOC_STRINGS = NO;
				SWIFT_VERSION = 5.0;
				TARGETED_DEVICE_FAMILY = "1,2";
				TEST_TARGET_NAME = loginPage;
			};
			name = Debug;
		};
		DE2DA6272BFB843700E1CF1E /* Release */ = {
			isa = XCBuildConfiguration;
			buildSettings = {
				ALWAYS_EMBED_SWIFT_STANDARD_LIBRARIES = YES;
				CODE_SIGN_STYLE = Automatic;
				CURRENT_PROJECT_VERSION = 1;
				GENERATE_INFOPLIST_FILE = YES;
				MARKETING_VERSION = 1.0;
				PRODUCT_BUNDLE_IDENTIFIER = yangqingru.loginPageUITests;
				PRODUCT_NAME = "$(TARGET_NAME)";
				SWIFT_EMIT_LOC_STRINGS = NO;
				SWIFT_VERSION = 5.0;
				TARGETED_DEVICE_FAMILY = "1,2";
				TEST_TARGET_NAME = loginPage;
			};
			name = Release;
		};
/* End XCBuildConfiguration section */

/* Begin XCConfigurationList section */
		DE2DA5F02BFB843600E1CF1E /* Build configuration list for PBXProject "loginPage" */ = {
			isa = XCConfigurationList;
			buildConfigurations = (
				DE2DA61D2BFB843700E1CF1E /* Debug */,
				DE2DA61E2BFB843700E1CF1E /* Release */,
			);
			defaultConfigurationIsVisible = 0;
			defaultConfigurationName = Release;
		};
		DE2DA61F2BFB843700E1CF1E /* Build configuration list for PBXNativeTarget "loginPage" */ = {
			isa = XCConfigurationList;
			buildConfigurations = (
				DE2DA6202BFB843700E1CF1E /* Debug */,
				DE2DA6212BFB843700E1CF1E /* Release */,
			);
			defaultConfigurationIsVisible = 0;
			defaultConfigurationName = Release;
		};
		DE2DA6222BFB843700E1CF1E /* Build configuration list for PBXNativeTarget "loginPageTests" */ = {
			isa = XCConfigurationList;
			buildConfigurations = (
				DE2DA6232BFB843700E1CF1E /* Debug */,
				DE2DA6242BFB843700E1CF1E /* Release */,
			);
			defaultConfigurationIsVisible = 0;
			defaultConfigurationName = Release;
		};
		DE2DA6252BFB843700E1CF1E /* Build configuration list for PBXNativeTarget "loginPageUITests" */ = {
			isa = XCConfigurationList;
			buildConfigurations = (
				DE2DA6262BFB843700E1CF1E /* Debug */,
				DE2DA6272BFB843700E1CF1E /* Release */,
			);
			defaultConfigurationIsVisible = 0;
			defaultConfigurationName = Release;
		};
/* End XCConfigurationList section */

/* Begin XCRemoteSwiftPackageReference section */
		DE2DA62E2BFB933200E1CF1E /* XCRemoteSwiftPackageReference "firebase-ios-sdk" */ = {
			isa = XCRemoteSwiftPackageReference;
			repositoryURL = "https://github.com/firebase/firebase-ios-sdk";
			requirement = {
				kind = upToNextMajorVersion;
				minimumVersion = 10.26.0;
			};
		};
/* End XCRemoteSwiftPackageReference section */

/* Begin XCSwiftPackageProductDependency section */
		DE0E82982BFE363A0009522F /* FirebaseDynamicLinks */ = {
			isa = XCSwiftPackageProductDependency;
			package = DE2DA62E2BFB933200E1CF1E /* XCRemoteSwiftPackageReference "firebase-ios-sdk" */;
			productName = FirebaseDynamicLinks;
		};
		DE0E829A2BFE363A0009522F /* FirebaseFirestore */ = {
			isa = XCSwiftPackageProductDependency;
			package = DE2DA62E2BFB933200E1CF1E /* XCRemoteSwiftPackageReference "firebase-ios-sdk" */;
			productName = FirebaseFirestore;
		};
		DE0E829C2BFE363A0009522F /* FirebaseStorage */ = {
			isa = XCSwiftPackageProductDependency;
			package = DE2DA62E2BFB933200E1CF1E /* XCRemoteSwiftPackageReference "firebase-ios-sdk" */;
			productName = FirebaseStorage;
		};
		DE0E829E2BFE363A0009522F /* FirebaseStorageCombine-Community */ = {
			isa = XCSwiftPackageProductDependency;
			package = DE2DA62E2BFB933200E1CF1E /* XCRemoteSwiftPackageReference "firebase-ios-sdk" */;
			productName = "FirebaseStorageCombine-Community";
		};
		DE2DA62F2BFB933200E1CF1E /* FirebaseAnalytics */ = {
			isa = XCSwiftPackageProductDependency;
			package = DE2DA62E2BFB933200E1CF1E /* XCRemoteSwiftPackageReference "firebase-ios-sdk" */;
			productName = FirebaseAnalytics;
		};
		DE2DA6312BFB933200E1CF1E /* FirebaseAuth */ = {
			isa = XCSwiftPackageProductDependency;
			package = DE2DA62E2BFB933200E1CF1E /* XCRemoteSwiftPackageReference "firebase-ios-sdk" */;
			productName = FirebaseAuth;
		};
		DE2DA6332BFB933200E1CF1E /* FirebaseDatabase */ = {
			isa = XCSwiftPackageProductDependency;
			package = DE2DA62E2BFB933200E1CF1E /* XCRemoteSwiftPackageReference "firebase-ios-sdk" */;
			productName = FirebaseDatabase;
		};
/* End XCSwiftPackageProductDependency section */
	};
	rootObject = DE2DA5ED2BFB843600E1CF1E /* Project object */;
}
