// !$*UTF8*$!
{
	archiveVersion = 1;
	classes = {
	};
	objectVersion = 56;
	objects = {

/* Begin PBXBuildFile section */
		197F45F302651F24D19791FD /* Pods_TennisPro_OrbitalTests.framework in Frameworks */ = {isa = PBXBuildFile; fileRef = F644D5102DE1D7647C0B759F /* Pods_TennisPro_OrbitalTests.framework */; };
		24B3E5EE59CFB696D3A603B7 /* Pods_TennisPro_Orbital.framework in Frameworks */ = {isa = PBXBuildFile; fileRef = FD6BE3F6D9C354D0AC298849 /* Pods_TennisPro_Orbital.framework */; };
		4867047C2C00357300332DE2 /* TennisPro_OrbitalApp.swift in Sources */ = {isa = PBXBuildFile; fileRef = 4867047B2C00357300332DE2 /* TennisPro_OrbitalApp.swift */; };
		4867047E2C00357300332DE2 /* ContentView.swift in Sources */ = {isa = PBXBuildFile; fileRef = 4867047D2C00357300332DE2 /* ContentView.swift */; };
		486704802C00357300332DE2 /* Item.swift in Sources */ = {isa = PBXBuildFile; fileRef = 4867047F2C00357300332DE2 /* Item.swift */; };
		486704822C00357400332DE2 /* Assets.xcassets in Resources */ = {isa = PBXBuildFile; fileRef = 486704812C00357400332DE2 /* Assets.xcassets */; };
		486704852C00357400332DE2 /* Preview Assets.xcassets in Resources */ = {isa = PBXBuildFile; fileRef = 486704842C00357400332DE2 /* Preview Assets.xcassets */; };
		4867048F2C00357400332DE2 /* TennisPro_OrbitalTests.swift in Sources */ = {isa = PBXBuildFile; fileRef = 4867048E2C00357400332DE2 /* TennisPro_OrbitalTests.swift */; };
		486704992C00357400332DE2 /* TennisPro_OrbitalUITests.swift in Sources */ = {isa = PBXBuildFile; fileRef = 486704982C00357400332DE2 /* TennisPro_OrbitalUITests.swift */; };
		4867049B2C00357400332DE2 /* TennisPro_OrbitalUITestsLaunchTests.swift in Sources */ = {isa = PBXBuildFile; fileRef = 4867049A2C00357400332DE2 /* TennisPro_OrbitalUITestsLaunchTests.swift */; };
		4870B4332C31AB8F002684CF /* Detection.swift in Sources */ = {isa = PBXBuildFile; fileRef = 4870B4322C31AB8F002684CF /* Detection.swift */; };
		4870B4342C31AB8F002684CF /* Detection.swift in Sources */ = {isa = PBXBuildFile; fileRef = 4870B4322C31AB8F002684CF /* Detection.swift */; };
		4870B4352C31AB8F002684CF /* Detection.swift in Sources */ = {isa = PBXBuildFile; fileRef = 4870B4322C31AB8F002684CF /* Detection.swift */; };
		487C2DE72C4CA1CC0012A33A /* QuizView.swift in Sources */ = {isa = PBXBuildFile; fileRef = 487C2DE62C4CA1CB0012A33A /* QuizView.swift */; };
		487C2DE82C4CA1CC0012A33A /* QuizView.swift in Sources */ = {isa = PBXBuildFile; fileRef = 487C2DE62C4CA1CB0012A33A /* QuizView.swift */; };
		487C2DE92C4CA1CC0012A33A /* QuizView.swift in Sources */ = {isa = PBXBuildFile; fileRef = 487C2DE62C4CA1CB0012A33A /* QuizView.swift */; };
		487C2DEB2C4CA1ED0012A33A /* TriviaView.swift in Sources */ = {isa = PBXBuildFile; fileRef = 487C2DEA2C4CA1ED0012A33A /* TriviaView.swift */; };
		487C2DEC2C4CA1ED0012A33A /* TriviaView.swift in Sources */ = {isa = PBXBuildFile; fileRef = 487C2DEA2C4CA1ED0012A33A /* TriviaView.swift */; };
		487C2DED2C4CA1ED0012A33A /* TriviaView.swift in Sources */ = {isa = PBXBuildFile; fileRef = 487C2DEA2C4CA1ED0012A33A /* TriviaView.swift */; };
		487C2DEF2C4CBFB40012A33A /* endQuizView.swift in Sources */ = {isa = PBXBuildFile; fileRef = 487C2DEE2C4CBFB40012A33A /* endQuizView.swift */; };
		487C2DF02C4CBFB40012A33A /* endQuizView.swift in Sources */ = {isa = PBXBuildFile; fileRef = 487C2DEE2C4CBFB40012A33A /* endQuizView.swift */; };
		487C2DF12C4CBFB40012A33A /* endQuizView.swift in Sources */ = {isa = PBXBuildFile; fileRef = 487C2DEE2C4CBFB40012A33A /* endQuizView.swift */; };
		488E5A512C3FBA1A00C51F27 /* HittingResultsView.swift in Sources */ = {isa = PBXBuildFile; fileRef = 488E5A502C3FBA1A00C51F27 /* HittingResultsView.swift */; };
		488E5A522C3FBA1A00C51F27 /* HittingResultsView.swift in Sources */ = {isa = PBXBuildFile; fileRef = 488E5A502C3FBA1A00C51F27 /* HittingResultsView.swift */; };
		488E5A532C3FBA1A00C51F27 /* HittingResultsView.swift in Sources */ = {isa = PBXBuildFile; fileRef = 488E5A502C3FBA1A00C51F27 /* HittingResultsView.swift */; };
		48BB26C42C2D03B600FB7260 /* AnalysisView.swift in Sources */ = {isa = PBXBuildFile; fileRef = 48BB26C32C2D03B600FB7260 /* AnalysisView.swift */; };
		48BB26C52C2D03B600FB7260 /* AnalysisView.swift in Sources */ = {isa = PBXBuildFile; fileRef = 48BB26C32C2D03B600FB7260 /* AnalysisView.swift */; };
		48BB26C62C2D03B600FB7260 /* AnalysisView.swift in Sources */ = {isa = PBXBuildFile; fileRef = 48BB26C32C2D03B600FB7260 /* AnalysisView.swift */; };
		48BB26C82C2D062000FB7260 /* BackswingView.swift in Sources */ = {isa = PBXBuildFile; fileRef = 48BB26C72C2D062000FB7260 /* BackswingView.swift */; };
		48BB26C92C2D062000FB7260 /* BackswingView.swift in Sources */ = {isa = PBXBuildFile; fileRef = 48BB26C72C2D062000FB7260 /* BackswingView.swift */; };
		48BB26CA2C2D062000FB7260 /* BackswingView.swift in Sources */ = {isa = PBXBuildFile; fileRef = 48BB26C72C2D062000FB7260 /* BackswingView.swift */; };
		48BB26CC2C2D063300FB7260 /* HittingView.swift in Sources */ = {isa = PBXBuildFile; fileRef = 48BB26CB2C2D063300FB7260 /* HittingView.swift */; };
		48BB26CD2C2D063300FB7260 /* HittingView.swift in Sources */ = {isa = PBXBuildFile; fileRef = 48BB26CB2C2D063300FB7260 /* HittingView.swift */; };
		48BB26CE2C2D063300FB7260 /* HittingView.swift in Sources */ = {isa = PBXBuildFile; fileRef = 48BB26CB2C2D063300FB7260 /* HittingView.swift */; };
		48BB26D02C2E38F500FB7260 /* PhotoViewModel.swift in Sources */ = {isa = PBXBuildFile; fileRef = 48BB26CF2C2E38F500FB7260 /* PhotoViewModel.swift */; };
		48BB26D12C2E38F500FB7260 /* PhotoViewModel.swift in Sources */ = {isa = PBXBuildFile; fileRef = 48BB26CF2C2E38F500FB7260 /* PhotoViewModel.swift */; };
		48BB26D22C2E38F500FB7260 /* PhotoViewModel.swift in Sources */ = {isa = PBXBuildFile; fileRef = 48BB26CF2C2E38F500FB7260 /* PhotoViewModel.swift */; };
		48BB26D42C2E3FE300FB7260 /* PhotoUpload.swift in Sources */ = {isa = PBXBuildFile; fileRef = 48BB26D32C2E3FE300FB7260 /* PhotoUpload.swift */; };
		48BB26D52C2E3FE300FB7260 /* PhotoUpload.swift in Sources */ = {isa = PBXBuildFile; fileRef = 48BB26D32C2E3FE300FB7260 /* PhotoUpload.swift */; };
		48BB26D62C2E3FE300FB7260 /* PhotoUpload.swift in Sources */ = {isa = PBXBuildFile; fileRef = 48BB26D32C2E3FE300FB7260 /* PhotoUpload.swift */; };
		48BB26D82C2E48B000FB7260 /* BackswingResultsView.swift in Sources */ = {isa = PBXBuildFile; fileRef = 48BB26D72C2E48B000FB7260 /* BackswingResultsView.swift */; };
		48BB26D92C2E48B000FB7260 /* BackswingResultsView.swift in Sources */ = {isa = PBXBuildFile; fileRef = 48BB26D72C2E48B000FB7260 /* BackswingResultsView.swift */; };
		48BB26DA2C2E48B000FB7260 /* BackswingResultsView.swift in Sources */ = {isa = PBXBuildFile; fileRef = 48BB26D72C2E48B000FB7260 /* BackswingResultsView.swift */; };
		7E6A8DA36F12ECD152868463 /* Pods_TennisPro_Orbital_TennisPro_OrbitalUITests.framework in Frameworks */ = {isa = PBXBuildFile; fileRef = 06F101DF612850892C424ED2 /* Pods_TennisPro_Orbital_TennisPro_OrbitalUITests.framework */; };
		DE0E82B02C0470760009522F /* FirebaseAnalytics in Frameworks */ = {isa = PBXBuildFile; productRef = DE0E82AF2C0470760009522F /* FirebaseAnalytics */; };
		DE0E82B22C0470760009522F /* FirebaseAuth in Frameworks */ = {isa = PBXBuildFile; productRef = DE0E82B12C0470760009522F /* FirebaseAuth */; };
		DE0E82B42C0470760009522F /* FirebaseDatabase in Frameworks */ = {isa = PBXBuildFile; productRef = DE0E82B32C0470760009522F /* FirebaseDatabase */; };
		DE0E82B62C0470760009522F /* FirebaseFirestore in Frameworks */ = {isa = PBXBuildFile; productRef = DE0E82B52C0470760009522F /* FirebaseFirestore */; };
		DE0E82B82C0470760009522F /* FirebaseStorage in Frameworks */ = {isa = PBXBuildFile; productRef = DE0E82B72C0470760009522F /* FirebaseStorage */; };
		DE0E82C12C0498C20009522F /* loginPage.swift in Sources */ = {isa = PBXBuildFile; fileRef = DE0E82C02C0498C20009522F /* loginPage.swift */; };
		DE0E82C42C0587640009522F /* Function.swift in Sources */ = {isa = PBXBuildFile; fileRef = DE0E82C32C0587640009522F /* Function.swift */; };
		DE0E82C62C058DB90009522F /* signUp.swift in Sources */ = {isa = PBXBuildFile; fileRef = DE0E82C52C058DB90009522F /* signUp.swift */; };
		DE0E82CA2C05B3DC0009522F /* AuthView.swift in Sources */ = {isa = PBXBuildFile; fileRef = DE0E82C92C05B3DC0009522F /* AuthView.swift */; };
		DE0E82CE2C05BF2F0009522F /* mainPage.swift in Sources */ = {isa = PBXBuildFile; fileRef = DE0E82CD2C05BF2F0009522F /* mainPage.swift */; };
		DE217C6E2C301C03009051DD /* FirebaseDynamicLinks in Frameworks */ = {isa = PBXBuildFile; productRef = DE217C6D2C301C03009051DD /* FirebaseDynamicLinks */; };
		DE217C742C303320009051DD /* comment.swift in Sources */ = {isa = PBXBuildFile; fileRef = DE217C732C303320009051DD /* comment.swift */; };
		DE217C762C303335009051DD /* textBox.swift in Sources */ = {isa = PBXBuildFile; fileRef = DE217C752C303335009051DD /* textBox.swift */; };
		DE217C782C303383009051DD /* UploadComment.swift in Sources */ = {isa = PBXBuildFile; fileRef = DE217C772C303383009051DD /* UploadComment.swift */; };
		DE217C7A2C3033C1009051DD /* ForumComment.swift in Sources */ = {isa = PBXBuildFile; fileRef = DE217C792C3033C1009051DD /* ForumComment.swift */; };
		DE217C7C2C303451009051DD /* FetchComment.swift in Sources */ = {isa = PBXBuildFile; fileRef = DE217C7B2C303451009051DD /* FetchComment.swift */; };
		DE41B25B2C3F860A00134227 /* editProfile.swift in Sources */ = {isa = PBXBuildFile; fileRef = DE41B25A2C3F860A00134227 /* editProfile.swift */; };
		DE41B2602C3FD5F200134227 /* ImagePicker.swift in Sources */ = {isa = PBXBuildFile; fileRef = DE41B25F2C3FD5F200134227 /* ImagePicker.swift */; };
		DE41B2622C3FF49900134227 /* ProfilePhotoUpload.swift in Sources */ = {isa = PBXBuildFile; fileRef = DE41B2612C3FF49900134227 /* ProfilePhotoUpload.swift */; };
		DE41B2642C40043900134227 /* EditProfileViewModel.swift in Sources */ = {isa = PBXBuildFile; fileRef = DE41B2632C40043900134227 /* EditProfileViewModel.swift */; };
		DE41B2662C40FC2200134227 /* FetchUser.swift in Sources */ = {isa = PBXBuildFile; fileRef = DE41B2652C40FC2200134227 /* FetchUser.swift */; };
		DE6CDB802C100C66003A5C64 /* WelcomeView.swift in Sources */ = {isa = PBXBuildFile; fileRef = DE6CDB7F2C100C66003A5C64 /* WelcomeView.swift */; };
		DE6FDCA12C45619600F42570 /* Kingfisher in Frameworks */ = {isa = PBXBuildFile; productRef = DE6FDCA02C45619600F42570 /* Kingfisher */; };
		DE6FDCA42C46BD6B00F42570 /* UserService.swift in Sources */ = {isa = PBXBuildFile; fileRef = DE6FDCA32C46BD6B00F42570 /* UserService.swift */; };
		DE89762E2C3E3A5C0001FA53 /* userProfile.swift in Sources */ = {isa = PBXBuildFile; fileRef = DE89762D2C3E3A5C0001FA53 /* userProfile.swift */; };
		DE8976302C3E46500001FA53 /* ProfileFilterViewModel.swift in Sources */ = {isa = PBXBuildFile; fileRef = DE89762F2C3E46500001FA53 /* ProfileFilterViewModel.swift */; };
		DE8976322C3E62440001FA53 /* FetchPost.swift in Sources */ = {isa = PBXBuildFile; fileRef = DE8976312C3E62440001FA53 /* FetchPost.swift */; };
		DEAD78222C118AEF009CD325 /* uploadView.swift in Sources */ = {isa = PBXBuildFile; fileRef = DEAD78212C118AEF009CD325 /* uploadView.swift */; };
		DEAD78242C188374009CD325 /* FirebaseAppDistribution-Beta in Frameworks */ = {isa = PBXBuildFile; productRef = DEAD78232C188374009CD325 /* FirebaseAppDistribution-Beta */; };
		DEAD78262C188374009CD325 /* FirebaseMLModelDownloader in Frameworks */ = {isa = PBXBuildFile; productRef = DEAD78252C188374009CD325 /* FirebaseMLModelDownloader */; };
		DEAD78282C188374009CD325 /* FirebaseVertexAI-Preview in Frameworks */ = {isa = PBXBuildFile; productRef = DEAD78272C188374009CD325 /* FirebaseVertexAI-Preview */; };
		DEAD782D2C1AA45F009CD325 /* ContentViewModel.swift in Sources */ = {isa = PBXBuildFile; fileRef = DEAD782C2C1AA45F009CD325 /* ContentViewModel.swift */; };
		DEAD78302C1ABB89009CD325 /* UploadVideo.swift in Sources */ = {isa = PBXBuildFile; fileRef = DEAD782F2C1ABB89009CD325 /* UploadVideo.swift */; };
		DEAD78322C1C107C009CD325 /* menu.swift in Sources */ = {isa = PBXBuildFile; fileRef = DEAD78312C1C107C009CD325 /* menu.swift */; };
		DEAD78342C1C2A15009CD325 /* forum.swift in Sources */ = {isa = PBXBuildFile; fileRef = DEAD78332C1C2A15009CD325 /* forum.swift */; };
		DEAD78362C1C32BF009CD325 /* ForumVideo.swift in Sources */ = {isa = PBXBuildFile; fileRef = DEAD78352C1C32BF009CD325 /* ForumVideo.swift */; };
		DEAD78382C1C32D7009CD325 /* ViewModelForum.swift in Sources */ = {isa = PBXBuildFile; fileRef = DEAD78372C1C32D7009CD325 /* ViewModelForum.swift */; };
		DEAD783C2C1D63C8009CD325 /* FetchVideo.swift in Sources */ = {isa = PBXBuildFile; fileRef = DEAD783B2C1D63C8009CD325 /* FetchVideo.swift */; };
		DEAD783E2C1D64BC009CD325 /* FirebaseFirestoreSwift in Frameworks */ = {isa = PBXBuildFile; productRef = DEAD783D2C1D64BC009CD325 /* FirebaseFirestoreSwift */; };
		DEAD78402C1D64EE009CD325 /* FirebaseFirestoreSwift in Frameworks */ = {isa = PBXBuildFile; productRef = DEAD783F2C1D64EE009CD325 /* FirebaseFirestoreSwift */; };
		DEAD78892C22C269009CD325 /* FirebaseDatabaseSwift in Frameworks */ = {isa = PBXBuildFile; productRef = DEAD78882C22C269009CD325 /* FirebaseDatabaseSwift */; };
		DEAD790C2C23C72E009CD325 /* GoogleService-Info.plist in Resources */ = {isa = PBXBuildFile; fileRef = DEAD790B2C23C72E009CD325 /* GoogleService-Info.plist */; };
/* End PBXBuildFile section */

/* Begin PBXContainerItemProxy section */
		4867048B2C00357400332DE2 /* PBXContainerItemProxy */ = {
			isa = PBXContainerItemProxy;
			containerPortal = 486704702C00357300332DE2 /* Project object */;
			proxyType = 1;
			remoteGlobalIDString = 486704772C00357300332DE2;
			remoteInfo = TennisPro_Orbital;
		};
		486704952C00357400332DE2 /* PBXContainerItemProxy */ = {
			isa = PBXContainerItemProxy;
			containerPortal = 486704702C00357300332DE2 /* Project object */;
			proxyType = 1;
			remoteGlobalIDString = 486704772C00357300332DE2;
			remoteInfo = TennisPro_Orbital;
		};
/* End PBXContainerItemProxy section */

/* Begin PBXFileReference section */
		06F101DF612850892C424ED2 /* Pods_TennisPro_Orbital_TennisPro_OrbitalUITests.framework */ = {isa = PBXFileReference; explicitFileType = wrapper.framework; includeInIndex = 0; path = Pods_TennisPro_Orbital_TennisPro_OrbitalUITests.framework; sourceTree = BUILT_PRODUCTS_DIR; };
		486704782C00357300332DE2 /* TennisPro_Orbital.app */ = {isa = PBXFileReference; explicitFileType = wrapper.application; includeInIndex = 0; path = TennisPro_Orbital.app; sourceTree = BUILT_PRODUCTS_DIR; };
		4867047B2C00357300332DE2 /* TennisPro_OrbitalApp.swift */ = {isa = PBXFileReference; lastKnownFileType = sourcecode.swift; path = TennisPro_OrbitalApp.swift; sourceTree = "<group>"; };
		4867047D2C00357300332DE2 /* ContentView.swift */ = {isa = PBXFileReference; lastKnownFileType = sourcecode.swift; path = ContentView.swift; sourceTree = "<group>"; };
		4867047F2C00357300332DE2 /* Item.swift */ = {isa = PBXFileReference; lastKnownFileType = sourcecode.swift; path = Item.swift; sourceTree = "<group>"; };
		486704812C00357400332DE2 /* Assets.xcassets */ = {isa = PBXFileReference; lastKnownFileType = folder.assetcatalog; path = Assets.xcassets; sourceTree = "<group>"; };
		486704842C00357400332DE2 /* Preview Assets.xcassets */ = {isa = PBXFileReference; lastKnownFileType = folder.assetcatalog; path = "Preview Assets.xcassets"; sourceTree = "<group>"; };
		4867048A2C00357400332DE2 /* TennisPro_OrbitalTests.xctest */ = {isa = PBXFileReference; explicitFileType = wrapper.cfbundle; includeInIndex = 0; path = TennisPro_OrbitalTests.xctest; sourceTree = BUILT_PRODUCTS_DIR; };
		4867048E2C00357400332DE2 /* TennisPro_OrbitalTests.swift */ = {isa = PBXFileReference; lastKnownFileType = sourcecode.swift; path = TennisPro_OrbitalTests.swift; sourceTree = "<group>"; };
		486704942C00357400332DE2 /* TennisPro_OrbitalUITests.xctest */ = {isa = PBXFileReference; explicitFileType = wrapper.cfbundle; includeInIndex = 0; path = TennisPro_OrbitalUITests.xctest; sourceTree = BUILT_PRODUCTS_DIR; };
		486704982C00357400332DE2 /* TennisPro_OrbitalUITests.swift */ = {isa = PBXFileReference; lastKnownFileType = sourcecode.swift; path = TennisPro_OrbitalUITests.swift; sourceTree = "<group>"; };
		4867049A2C00357400332DE2 /* TennisPro_OrbitalUITestsLaunchTests.swift */ = {isa = PBXFileReference; lastKnownFileType = sourcecode.swift; path = TennisPro_OrbitalUITestsLaunchTests.swift; sourceTree = "<group>"; };
		4870B4322C31AB8F002684CF /* Detection.swift */ = {isa = PBXFileReference; lastKnownFileType = sourcecode.swift; path = Detection.swift; sourceTree = "<group>"; };
		487C2DE62C4CA1CB0012A33A /* QuizView.swift */ = {isa = PBXFileReference; lastKnownFileType = sourcecode.swift; path = QuizView.swift; sourceTree = "<group>"; };
		487C2DEA2C4CA1ED0012A33A /* TriviaView.swift */ = {isa = PBXFileReference; lastKnownFileType = sourcecode.swift; path = TriviaView.swift; sourceTree = "<group>"; };
		487C2DEE2C4CBFB40012A33A /* endQuizView.swift */ = {isa = PBXFileReference; lastKnownFileType = sourcecode.swift; path = endQuizView.swift; sourceTree = "<group>"; };
		488E5A502C3FBA1A00C51F27 /* HittingResultsView.swift */ = {isa = PBXFileReference; lastKnownFileType = sourcecode.swift; path = HittingResultsView.swift; sourceTree = "<group>"; };
		48BB26C32C2D03B600FB7260 /* AnalysisView.swift */ = {isa = PBXFileReference; lastKnownFileType = sourcecode.swift; path = AnalysisView.swift; sourceTree = "<group>"; };
		48BB26C72C2D062000FB7260 /* BackswingView.swift */ = {isa = PBXFileReference; lastKnownFileType = sourcecode.swift; path = BackswingView.swift; sourceTree = "<group>"; };
		48BB26CB2C2D063300FB7260 /* HittingView.swift */ = {isa = PBXFileReference; lastKnownFileType = sourcecode.swift; path = HittingView.swift; sourceTree = "<group>"; };
		48BB26CF2C2E38F500FB7260 /* PhotoViewModel.swift */ = {isa = PBXFileReference; lastKnownFileType = sourcecode.swift; path = PhotoViewModel.swift; sourceTree = "<group>"; };
		48BB26D32C2E3FE300FB7260 /* PhotoUpload.swift */ = {isa = PBXFileReference; lastKnownFileType = sourcecode.swift; path = PhotoUpload.swift; sourceTree = "<group>"; };
		48BB26D72C2E48B000FB7260 /* BackswingResultsView.swift */ = {isa = PBXFileReference; lastKnownFileType = sourcecode.swift; path = BackswingResultsView.swift; sourceTree = "<group>"; };
		60773F479A9EC97C146CC646 /* Pods-TennisPro_OrbitalTests.release.xcconfig */ = {isa = PBXFileReference; includeInIndex = 1; lastKnownFileType = text.xcconfig; name = "Pods-TennisPro_OrbitalTests.release.xcconfig"; path = "Target Support Files/Pods-TennisPro_OrbitalTests/Pods-TennisPro_OrbitalTests.release.xcconfig"; sourceTree = "<group>"; };
		887D7D9DC8B1FC101318A272 /* Pods-TennisPro_Orbital-TennisPro_OrbitalUITests.debug.xcconfig */ = {isa = PBXFileReference; includeInIndex = 1; lastKnownFileType = text.xcconfig; name = "Pods-TennisPro_Orbital-TennisPro_OrbitalUITests.debug.xcconfig"; path = "Target Support Files/Pods-TennisPro_Orbital-TennisPro_OrbitalUITests/Pods-TennisPro_Orbital-TennisPro_OrbitalUITests.debug.xcconfig"; sourceTree = "<group>"; };
		8A54A260B424ED73CE85C241 /* Pods-TennisPro_Orbital.release.xcconfig */ = {isa = PBXFileReference; includeInIndex = 1; lastKnownFileType = text.xcconfig; name = "Pods-TennisPro_Orbital.release.xcconfig"; path = "Target Support Files/Pods-TennisPro_Orbital/Pods-TennisPro_Orbital.release.xcconfig"; sourceTree = "<group>"; };
		961CA8F31CA56E13C221C6A9 /* Pods-TennisPro_Orbital.debug.xcconfig */ = {isa = PBXFileReference; includeInIndex = 1; lastKnownFileType = text.xcconfig; name = "Pods-TennisPro_Orbital.debug.xcconfig"; path = "Target Support Files/Pods-TennisPro_Orbital/Pods-TennisPro_Orbital.debug.xcconfig"; sourceTree = "<group>"; };
		BDD3804F681E4EF99C0D04F7 /* Pods-TennisPro_Orbital-TennisPro_OrbitalUITests.release.xcconfig */ = {isa = PBXFileReference; includeInIndex = 1; lastKnownFileType = text.xcconfig; name = "Pods-TennisPro_Orbital-TennisPro_OrbitalUITests.release.xcconfig"; path = "Target Support Files/Pods-TennisPro_Orbital-TennisPro_OrbitalUITests/Pods-TennisPro_Orbital-TennisPro_OrbitalUITests.release.xcconfig"; sourceTree = "<group>"; };
		CD0CD89C5A81CE3088BE79D3 /* Pods-TennisPro_OrbitalTests.debug.xcconfig */ = {isa = PBXFileReference; includeInIndex = 1; lastKnownFileType = text.xcconfig; name = "Pods-TennisPro_OrbitalTests.debug.xcconfig"; path = "Target Support Files/Pods-TennisPro_OrbitalTests/Pods-TennisPro_OrbitalTests.debug.xcconfig"; sourceTree = "<group>"; };
		DE0E82C02C0498C20009522F /* loginPage.swift */ = {isa = PBXFileReference; lastKnownFileType = sourcecode.swift; path = loginPage.swift; sourceTree = "<group>"; };
		DE0E82C32C0587640009522F /* Function.swift */ = {isa = PBXFileReference; lastKnownFileType = sourcecode.swift; path = Function.swift; sourceTree = "<group>"; };
		DE0E82C52C058DB90009522F /* signUp.swift */ = {isa = PBXFileReference; lastKnownFileType = sourcecode.swift; path = signUp.swift; sourceTree = "<group>"; };
		DE0E82C92C05B3DC0009522F /* AuthView.swift */ = {isa = PBXFileReference; lastKnownFileType = sourcecode.swift; path = AuthView.swift; sourceTree = "<group>"; };
		DE0E82CD2C05BF2F0009522F /* mainPage.swift */ = {isa = PBXFileReference; lastKnownFileType = sourcecode.swift; path = mainPage.swift; sourceTree = "<group>"; };
		DE217C732C303320009051DD /* comment.swift */ = {isa = PBXFileReference; lastKnownFileType = sourcecode.swift; path = comment.swift; sourceTree = "<group>"; };
		DE217C752C303335009051DD /* textBox.swift */ = {isa = PBXFileReference; lastKnownFileType = sourcecode.swift; path = textBox.swift; sourceTree = "<group>"; };
		DE217C772C303383009051DD /* UploadComment.swift */ = {isa = PBXFileReference; lastKnownFileType = sourcecode.swift; path = UploadComment.swift; sourceTree = "<group>"; };
		DE217C792C3033C1009051DD /* ForumComment.swift */ = {isa = PBXFileReference; lastKnownFileType = sourcecode.swift; path = ForumComment.swift; sourceTree = "<group>"; };
		DE217C7B2C303451009051DD /* FetchComment.swift */ = {isa = PBXFileReference; lastKnownFileType = sourcecode.swift; path = FetchComment.swift; sourceTree = "<group>"; };
		DE41B25A2C3F860A00134227 /* editProfile.swift */ = {isa = PBXFileReference; lastKnownFileType = sourcecode.swift; path = editProfile.swift; sourceTree = "<group>"; };
		DE41B25F2C3FD5F200134227 /* ImagePicker.swift */ = {isa = PBXFileReference; lastKnownFileType = sourcecode.swift; path = ImagePicker.swift; sourceTree = "<group>"; };
		DE41B2612C3FF49900134227 /* ProfilePhotoUpload.swift */ = {isa = PBXFileReference; lastKnownFileType = sourcecode.swift; path = ProfilePhotoUpload.swift; sourceTree = "<group>"; };
		DE41B2632C40043900134227 /* EditProfileViewModel.swift */ = {isa = PBXFileReference; lastKnownFileType = sourcecode.swift; path = EditProfileViewModel.swift; sourceTree = "<group>"; };
		DE41B2652C40FC2200134227 /* FetchUser.swift */ = {isa = PBXFileReference; lastKnownFileType = sourcecode.swift; path = FetchUser.swift; sourceTree = "<group>"; };
		DE6CDB7F2C100C66003A5C64 /* WelcomeView.swift */ = {isa = PBXFileReference; lastKnownFileType = sourcecode.swift; path = WelcomeView.swift; sourceTree = "<group>"; };
		DE6FDCA32C46BD6B00F42570 /* UserService.swift */ = {isa = PBXFileReference; lastKnownFileType = sourcecode.swift; path = UserService.swift; sourceTree = "<group>"; };
		DE89762D2C3E3A5C0001FA53 /* userProfile.swift */ = {isa = PBXFileReference; lastKnownFileType = sourcecode.swift; path = userProfile.swift; sourceTree = "<group>"; };
		DE89762F2C3E46500001FA53 /* ProfileFilterViewModel.swift */ = {isa = PBXFileReference; lastKnownFileType = sourcecode.swift; path = ProfileFilterViewModel.swift; sourceTree = "<group>"; };
		DE8976312C3E62440001FA53 /* FetchPost.swift */ = {isa = PBXFileReference; lastKnownFileType = sourcecode.swift; path = FetchPost.swift; sourceTree = "<group>"; };
		DEAD78212C118AEF009CD325 /* uploadView.swift */ = {isa = PBXFileReference; lastKnownFileType = sourcecode.swift; path = uploadView.swift; sourceTree = "<group>"; };
		DEAD782C2C1AA45F009CD325 /* ContentViewModel.swift */ = {isa = PBXFileReference; lastKnownFileType = sourcecode.swift; path = ContentViewModel.swift; sourceTree = "<group>"; };
		DEAD782F2C1ABB89009CD325 /* UploadVideo.swift */ = {isa = PBXFileReference; lastKnownFileType = sourcecode.swift; path = UploadVideo.swift; sourceTree = "<group>"; };
		DEAD78312C1C107C009CD325 /* menu.swift */ = {isa = PBXFileReference; lastKnownFileType = sourcecode.swift; path = menu.swift; sourceTree = "<group>"; };
		DEAD78332C1C2A15009CD325 /* forum.swift */ = {isa = PBXFileReference; lastKnownFileType = sourcecode.swift; path = forum.swift; sourceTree = "<group>"; };
		DEAD78352C1C32BF009CD325 /* ForumVideo.swift */ = {isa = PBXFileReference; lastKnownFileType = sourcecode.swift; path = ForumVideo.swift; sourceTree = "<group>"; };
		DEAD78372C1C32D7009CD325 /* ViewModelForum.swift */ = {isa = PBXFileReference; lastKnownFileType = sourcecode.swift; path = ViewModelForum.swift; sourceTree = "<group>"; };
		DEAD783B2C1D63C8009CD325 /* FetchVideo.swift */ = {isa = PBXFileReference; lastKnownFileType = sourcecode.swift; path = FetchVideo.swift; sourceTree = "<group>"; };
		DEAD790B2C23C72E009CD325 /* GoogleService-Info.plist */ = {isa = PBXFileReference; fileEncoding = 4; lastKnownFileType = text.plist.xml; path = "GoogleService-Info.plist"; sourceTree = "<group>"; };
		F644D5102DE1D7647C0B759F /* Pods_TennisPro_OrbitalTests.framework */ = {isa = PBXFileReference; explicitFileType = wrapper.framework; includeInIndex = 0; path = Pods_TennisPro_OrbitalTests.framework; sourceTree = BUILT_PRODUCTS_DIR; };
		FD6BE3F6D9C354D0AC298849 /* Pods_TennisPro_Orbital.framework */ = {isa = PBXFileReference; explicitFileType = wrapper.framework; includeInIndex = 0; path = Pods_TennisPro_Orbital.framework; sourceTree = BUILT_PRODUCTS_DIR; };
/* End PBXFileReference section */

/* Begin PBXFrameworksBuildPhase section */
		486704752C00357300332DE2 /* Frameworks */ = {
			isa = PBXFrameworksBuildPhase;
			buildActionMask = 2147483647;
			files = (
				DEAD78892C22C269009CD325 /* FirebaseDatabaseSwift in Frameworks */,
				DEAD78282C188374009CD325 /* FirebaseVertexAI-Preview in Frameworks */,
				DE0E82B42C0470760009522F /* FirebaseDatabase in Frameworks */,
				DE0E82B62C0470760009522F /* FirebaseFirestore in Frameworks */,
				DE0E82B02C0470760009522F /* FirebaseAnalytics in Frameworks */,
				DE0E82B82C0470760009522F /* FirebaseStorage in Frameworks */,
				DE0E82B22C0470760009522F /* FirebaseAuth in Frameworks */,
				DEAD78242C188374009CD325 /* FirebaseAppDistribution-Beta in Frameworks */,
				DE6FDCA12C45619600F42570 /* Kingfisher in Frameworks */,
				DEAD78262C188374009CD325 /* FirebaseMLModelDownloader in Frameworks */,
				DEAD783E2C1D64BC009CD325 /* FirebaseFirestoreSwift in Frameworks */,
				DE217C6E2C301C03009051DD /* FirebaseDynamicLinks in Frameworks */,
				24B3E5EE59CFB696D3A603B7 /* Pods_TennisPro_Orbital.framework in Frameworks */,
			);
			runOnlyForDeploymentPostprocessing = 0;
		};
		486704872C00357400332DE2 /* Frameworks */ = {
			isa = PBXFrameworksBuildPhase;
			buildActionMask = 2147483647;
			files = (
				DEAD78402C1D64EE009CD325 /* FirebaseFirestoreSwift in Frameworks */,
				197F45F302651F24D19791FD /* Pods_TennisPro_OrbitalTests.framework in Frameworks */,
			);
			runOnlyForDeploymentPostprocessing = 0;
		};
		486704912C00357400332DE2 /* Frameworks */ = {
			isa = PBXFrameworksBuildPhase;
			buildActionMask = 2147483647;
			files = (
				7E6A8DA36F12ECD152868463 /* Pods_TennisPro_Orbital_TennisPro_OrbitalUITests.framework in Frameworks */,
			);
			runOnlyForDeploymentPostprocessing = 0;
		};
/* End PBXFrameworksBuildPhase section */

/* Begin PBXGroup section */
		4867046F2C00357300332DE2 = {
			isa = PBXGroup;
			children = (
				4867047A2C00357300332DE2 /* TennisPro_Orbital */,
				4867048D2C00357400332DE2 /* TennisPro_OrbitalTests */,
				486704972C00357400332DE2 /* TennisPro_OrbitalUITests */,
				486704792C00357300332DE2 /* Products */,
				C7BECEBE30BA52293CA7E74E /* Pods */,
				C636419359BAD0CC8752E97A /* Frameworks */,
			);
			sourceTree = "<group>";
		};
		486704792C00357300332DE2 /* Products */ = {
			isa = PBXGroup;
			children = (
				486704782C00357300332DE2 /* TennisPro_Orbital.app */,
				4867048A2C00357400332DE2 /* TennisPro_OrbitalTests.xctest */,
				486704942C00357400332DE2 /* TennisPro_OrbitalUITests.xctest */,
			);
			name = Products;
			sourceTree = "<group>";
		};
		4867047A2C00357300332DE2 /* TennisPro_Orbital */ = {
			isa = PBXGroup;
			children = (
				DE41B25E2C3FD5E300134227 /* Utils */,
				DEAD783A2C1D63B6009CD325 /* Model */,
				DEAD782E2C1ABB71009CD325 /* Service */,
				DEAD78292C1AA262009CD325 /* viewModel */,
				DE0E82BD2C0495300009522F /* views */,
				DE0E82C22C05872E0009522F /* extension */,
				4867047B2C00357300332DE2 /* TennisPro_OrbitalApp.swift */,
				4867047D2C00357300332DE2 /* ContentView.swift */,
				4867047F2C00357300332DE2 /* Item.swift */,
				486704812C00357400332DE2 /* Assets.xcassets */,
				DEAD790B2C23C72E009CD325 /* GoogleService-Info.plist */,
				486704832C00357400332DE2 /* Preview Content */,
			);
			path = TennisPro_Orbital;
			sourceTree = "<group>";
		};
		486704832C00357400332DE2 /* Preview Content */ = {
			isa = PBXGroup;
			children = (
				486704842C00357400332DE2 /* Preview Assets.xcassets */,
			);
			path = "Preview Content";
			sourceTree = "<group>";
		};
		4867048D2C00357400332DE2 /* TennisPro_OrbitalTests */ = {
			isa = PBXGroup;
			children = (
				4867048E2C00357400332DE2 /* TennisPro_OrbitalTests.swift */,
			);
			path = TennisPro_OrbitalTests;
			sourceTree = "<group>";
		};
		486704972C00357400332DE2 /* TennisPro_OrbitalUITests */ = {
			isa = PBXGroup;
			children = (
				486704982C00357400332DE2 /* TennisPro_OrbitalUITests.swift */,
				4867049A2C00357400332DE2 /* TennisPro_OrbitalUITestsLaunchTests.swift */,
			);
			path = TennisPro_OrbitalUITests;
			sourceTree = "<group>";
		};
		C636419359BAD0CC8752E97A /* Frameworks */ = {
			isa = PBXGroup;
			children = (
				FD6BE3F6D9C354D0AC298849 /* Pods_TennisPro_Orbital.framework */,
				06F101DF612850892C424ED2 /* Pods_TennisPro_Orbital_TennisPro_OrbitalUITests.framework */,
				F644D5102DE1D7647C0B759F /* Pods_TennisPro_OrbitalTests.framework */,
			);
			name = Frameworks;
			sourceTree = "<group>";
		};
		C7BECEBE30BA52293CA7E74E /* Pods */ = {
			isa = PBXGroup;
			children = (
				961CA8F31CA56E13C221C6A9 /* Pods-TennisPro_Orbital.debug.xcconfig */,
				8A54A260B424ED73CE85C241 /* Pods-TennisPro_Orbital.release.xcconfig */,
				887D7D9DC8B1FC101318A272 /* Pods-TennisPro_Orbital-TennisPro_OrbitalUITests.debug.xcconfig */,
				BDD3804F681E4EF99C0D04F7 /* Pods-TennisPro_Orbital-TennisPro_OrbitalUITests.release.xcconfig */,
				CD0CD89C5A81CE3088BE79D3 /* Pods-TennisPro_OrbitalTests.debug.xcconfig */,
				60773F479A9EC97C146CC646 /* Pods-TennisPro_OrbitalTests.release.xcconfig */,
			);
			path = Pods;
			sourceTree = "<group>";
		};
		DE0E82BD2C0495300009522F /* views */ = {
			isa = PBXGroup;
			children = (
				DE0E82C52C058DB90009522F /* signUp.swift */,
				DE89762D2C3E3A5C0001FA53 /* userProfile.swift */,
				DE0E82C02C0498C20009522F /* loginPage.swift */,
				DE41B25A2C3F860A00134227 /* editProfile.swift */,
				DE0E82CD2C05BF2F0009522F /* mainPage.swift */,
				DEAD78332C1C2A15009CD325 /* forum.swift */,
				DE217C732C303320009051DD /* comment.swift */,
				DE217C752C303335009051DD /* textBox.swift */,
				DEAD78212C118AEF009CD325 /* uploadView.swift */,
				DEAD78312C1C107C009CD325 /* menu.swift */,
				DE0E82C92C05B3DC0009522F /* AuthView.swift */,
				DE6CDB7F2C100C66003A5C64 /* WelcomeView.swift */,
				48BB26C32C2D03B600FB7260 /* AnalysisView.swift */,
				48BB26C72C2D062000FB7260 /* BackswingView.swift */,
				48BB26CB2C2D063300FB7260 /* HittingView.swift */,
				488E5A502C3FBA1A00C51F27 /* HittingResultsView.swift */,
				48BB26D72C2E48B000FB7260 /* BackswingResultsView.swift */,
				487C2DE62C4CA1CB0012A33A /* QuizView.swift */,
				487C2DEA2C4CA1ED0012A33A /* TriviaView.swift */,
				487C2DEE2C4CBFB40012A33A /* endQuizView.swift */,
			);
			path = views;
			sourceTree = "<group>";
		};
		DE0E82C22C05872E0009522F /* extension */ = {
			isa = PBXGroup;
			children = (
				DE0E82C32C0587640009522F /* Function.swift */,
				4870B4322C31AB8F002684CF /* Detection.swift */,
			);
			path = extension;
			sourceTree = "<group>";
		};
		DE41B25E2C3FD5E300134227 /* Utils */ = {
			isa = PBXGroup;
			children = (
				DE41B25F2C3FD5F200134227 /* ImagePicker.swift */,
			);
			path = Utils;
			sourceTree = "<group>";
		};
		DEAD78292C1AA262009CD325 /* viewModel */ = {
			isa = PBXGroup;
			children = (
				DEAD782C2C1AA45F009CD325 /* ContentViewModel.swift */,
				DE41B2632C40043900134227 /* EditProfileViewModel.swift */,
				DE89762F2C3E46500001FA53 /* ProfileFilterViewModel.swift */,
				DE217C792C3033C1009051DD /* ForumComment.swift */,
				DEAD78372C1C32D7009CD325 /* ViewModelForum.swift */,
				48BB26CF2C2E38F500FB7260 /* PhotoViewModel.swift */,
			);
			path = viewModel;
			sourceTree = "<group>";
		};
		DEAD782E2C1ABB71009CD325 /* Service */ = {
			isa = PBXGroup;
			children = (
				DEAD782F2C1ABB89009CD325 /* UploadVideo.swift */,
				DE6FDCA32C46BD6B00F42570 /* UserService.swift */,
				DEAD78352C1C32BF009CD325 /* ForumVideo.swift */,
				DE217C772C303383009051DD /* UploadComment.swift */,
				48BB26D32C2E3FE300FB7260 /* PhotoUpload.swift */,
				DE41B2612C3FF49900134227 /* ProfilePhotoUpload.swift */,
			);
			path = Service;
			sourceTree = "<group>";
		};
		DEAD783A2C1D63B6009CD325 /* Model */ = {
			isa = PBXGroup;
			children = (
				DEAD783B2C1D63C8009CD325 /* FetchVideo.swift */,
				DE217C7B2C303451009051DD /* FetchComment.swift */,
				DE41B2652C40FC2200134227 /* FetchUser.swift */,
				DE8976312C3E62440001FA53 /* FetchPost.swift */,
			);
			path = Model;
			sourceTree = "<group>";
		};
/* End PBXGroup section */

/* Begin PBXNativeTarget section */
		486704772C00357300332DE2 /* TennisPro_Orbital */ = {
			isa = PBXNativeTarget;
			buildConfigurationList = 4867049E2C00357400332DE2 /* Build configuration list for PBXNativeTarget "TennisPro_Orbital" */;
			buildPhases = (
				F42CAA23FAA89E6EFD9E4FDD /* [CP] Check Pods Manifest.lock */,
				486704742C00357300332DE2 /* Sources */,
				486704752C00357300332DE2 /* Frameworks */,
				486704762C00357300332DE2 /* Resources */,
				161F957E7605E03F85E268AF /* [CP] Embed Pods Frameworks */,
				60D133442294881F1981DC1E /* [CP] Copy Pods Resources */,
			);
			buildRules = (
			);
			dependencies = (
			);
			name = TennisPro_Orbital;
			packageProductDependencies = (
				DE0E82AF2C0470760009522F /* FirebaseAnalytics */,
				DE0E82B12C0470760009522F /* FirebaseAuth */,
				DE0E82B32C0470760009522F /* FirebaseDatabase */,
				DE0E82B52C0470760009522F /* FirebaseFirestore */,
				DE0E82B72C0470760009522F /* FirebaseStorage */,
				DEAD78232C188374009CD325 /* FirebaseAppDistribution-Beta */,
				DEAD78252C188374009CD325 /* FirebaseMLModelDownloader */,
				DEAD78272C188374009CD325 /* FirebaseVertexAI-Preview */,
				DEAD783D2C1D64BC009CD325 /* FirebaseFirestoreSwift */,
				DEAD78882C22C269009CD325 /* FirebaseDatabaseSwift */,
				DE217C6D2C301C03009051DD /* FirebaseDynamicLinks */,
				DE6FDCA02C45619600F42570 /* Kingfisher */,
			);
			productName = TennisPro_Orbital;
			productReference = 486704782C00357300332DE2 /* TennisPro_Orbital.app */;
			productType = "com.apple.product-type.application";
		};
		486704892C00357400332DE2 /* TennisPro_OrbitalTests */ = {
			isa = PBXNativeTarget;
			buildConfigurationList = 486704A12C00357400332DE2 /* Build configuration list for PBXNativeTarget "TennisPro_OrbitalTests" */;
			buildPhases = (
				610DDED3D8700D85094D6EE0 /* [CP] Check Pods Manifest.lock */,
				486704862C00357400332DE2 /* Sources */,
				486704872C00357400332DE2 /* Frameworks */,
				486704882C00357400332DE2 /* Resources */,
				3FFDCDCCD5DFF2810D00671B /* [CP] Embed Pods Frameworks */,
				E29CDE144B600726081E97C0 /* [CP] Copy Pods Resources */,
			);
			buildRules = (
			);
			dependencies = (
				4867048C2C00357400332DE2 /* PBXTargetDependency */,
			);
			name = TennisPro_OrbitalTests;
			packageProductDependencies = (
				DEAD783F2C1D64EE009CD325 /* FirebaseFirestoreSwift */,
			);
			productName = TennisPro_OrbitalTests;
			productReference = 4867048A2C00357400332DE2 /* TennisPro_OrbitalTests.xctest */;
			productType = "com.apple.product-type.bundle.unit-test";
		};
		486704932C00357400332DE2 /* TennisPro_OrbitalUITests */ = {
			isa = PBXNativeTarget;
			buildConfigurationList = 486704A42C00357400332DE2 /* Build configuration list for PBXNativeTarget "TennisPro_OrbitalUITests" */;
			buildPhases = (
				7286A5EC8F8FC2E1BB7B42A2 /* [CP] Check Pods Manifest.lock */,
				486704902C00357400332DE2 /* Sources */,
				486704912C00357400332DE2 /* Frameworks */,
				486704922C00357400332DE2 /* Resources */,
				2C8AD8AE6538D8E06558DEDA /* [CP] Embed Pods Frameworks */,
				E7618AC1B2205C3452F13962 /* [CP] Copy Pods Resources */,
			);
			buildRules = (
			);
			dependencies = (
				486704962C00357400332DE2 /* PBXTargetDependency */,
			);
			name = TennisPro_OrbitalUITests;
			productName = TennisPro_OrbitalUITests;
			productReference = 486704942C00357400332DE2 /* TennisPro_OrbitalUITests.xctest */;
			productType = "com.apple.product-type.bundle.ui-testing";
		};
/* End PBXNativeTarget section */

/* Begin PBXProject section */
		486704702C00357300332DE2 /* Project object */ = {
			isa = PBXProject;
			attributes = {
				BuildIndependentTargetsInParallel = 1;
				LastSwiftUpdateCheck = 1530;
				LastUpgradeCheck = 1530;
				TargetAttributes = {
					486704772C00357300332DE2 = {
						CreatedOnToolsVersion = 15.3;
					};
					486704892C00357400332DE2 = {
						CreatedOnToolsVersion = 15.3;
						TestTargetID = 486704772C00357300332DE2;
					};
					486704932C00357400332DE2 = {
						CreatedOnToolsVersion = 15.3;
						TestTargetID = 486704772C00357300332DE2;
					};
				};
			};
			buildConfigurationList = 486704732C00357300332DE2 /* Build configuration list for PBXProject "TennisPro_Orbital" */;
			compatibilityVersion = "Xcode 14.0";
			developmentRegion = en;
			hasScannedForEncodings = 0;
			knownRegions = (
				en,
				Base,
			);
			mainGroup = 4867046F2C00357300332DE2;
			packageReferences = (
				DE0E82AE2C0470760009522F /* XCRemoteSwiftPackageReference "firebase-ios-sdk" */,
				DE6FDC9F2C45619600F42570 /* XCRemoteSwiftPackageReference "Kingfisher" */,
			);
			productRefGroup = 486704792C00357300332DE2 /* Products */;
			projectDirPath = "";
			projectRoot = "";
			targets = (
				486704772C00357300332DE2 /* TennisPro_Orbital */,
				486704892C00357400332DE2 /* TennisPro_OrbitalTests */,
				486704932C00357400332DE2 /* TennisPro_OrbitalUITests */,
			);
		};
/* End PBXProject section */

/* Begin PBXResourcesBuildPhase section */
		486704762C00357300332DE2 /* Resources */ = {
			isa = PBXResourcesBuildPhase;
			buildActionMask = 2147483647;
			files = (
				486704852C00357400332DE2 /* Preview Assets.xcassets in Resources */,
				486704822C00357400332DE2 /* Assets.xcassets in Resources */,
				DEAD790C2C23C72E009CD325 /* GoogleService-Info.plist in Resources */,
			);
			runOnlyForDeploymentPostprocessing = 0;
		};
		486704882C00357400332DE2 /* Resources */ = {
			isa = PBXResourcesBuildPhase;
			buildActionMask = 2147483647;
			files = (
			);
			runOnlyForDeploymentPostprocessing = 0;
		};
		486704922C00357400332DE2 /* Resources */ = {
			isa = PBXResourcesBuildPhase;
			buildActionMask = 2147483647;
			files = (
			);
			runOnlyForDeploymentPostprocessing = 0;
		};
/* End PBXResourcesBuildPhase section */

/* Begin PBXShellScriptBuildPhase section */
		161F957E7605E03F85E268AF /* [CP] Embed Pods Frameworks */ = {
			isa = PBXShellScriptBuildPhase;
			buildActionMask = 2147483647;
			files = (
			);
			inputFileListPaths = (
				"${PODS_ROOT}/Target Support Files/Pods-TennisPro_Orbital/Pods-TennisPro_Orbital-frameworks-${CONFIGURATION}-input-files.xcfilelist",
			);
			name = "[CP] Embed Pods Frameworks";
			outputFileListPaths = (
				"${PODS_ROOT}/Target Support Files/Pods-TennisPro_Orbital/Pods-TennisPro_Orbital-frameworks-${CONFIGURATION}-output-files.xcfilelist",
			);
			runOnlyForDeploymentPostprocessing = 0;
			shellPath = /bin/sh;
			shellScript = "\"${PODS_ROOT}/Target Support Files/Pods-TennisPro_Orbital/Pods-TennisPro_Orbital-frameworks.sh\"\n";
			showEnvVarsInLog = 0;
		};
		2C8AD8AE6538D8E06558DEDA /* [CP] Embed Pods Frameworks */ = {
			isa = PBXShellScriptBuildPhase;
			buildActionMask = 2147483647;
			files = (
			);
			inputFileListPaths = (
				"${PODS_ROOT}/Target Support Files/Pods-TennisPro_Orbital-TennisPro_OrbitalUITests/Pods-TennisPro_Orbital-TennisPro_OrbitalUITests-frameworks-${CONFIGURATION}-input-files.xcfilelist",
			);
			name = "[CP] Embed Pods Frameworks";
			outputFileListPaths = (
				"${PODS_ROOT}/Target Support Files/Pods-TennisPro_Orbital-TennisPro_OrbitalUITests/Pods-TennisPro_Orbital-TennisPro_OrbitalUITests-frameworks-${CONFIGURATION}-output-files.xcfilelist",
			);
			runOnlyForDeploymentPostprocessing = 0;
			shellPath = /bin/sh;
			shellScript = "\"${PODS_ROOT}/Target Support Files/Pods-TennisPro_Orbital-TennisPro_OrbitalUITests/Pods-TennisPro_Orbital-TennisPro_OrbitalUITests-frameworks.sh\"\n";
			showEnvVarsInLog = 0;
		};
		3FFDCDCCD5DFF2810D00671B /* [CP] Embed Pods Frameworks */ = {
			isa = PBXShellScriptBuildPhase;
			buildActionMask = 2147483647;
			files = (
			);
			inputFileListPaths = (
				"${PODS_ROOT}/Target Support Files/Pods-TennisPro_OrbitalTests/Pods-TennisPro_OrbitalTests-frameworks-${CONFIGURATION}-input-files.xcfilelist",
			);
			name = "[CP] Embed Pods Frameworks";
			outputFileListPaths = (
				"${PODS_ROOT}/Target Support Files/Pods-TennisPro_OrbitalTests/Pods-TennisPro_OrbitalTests-frameworks-${CONFIGURATION}-output-files.xcfilelist",
			);
			runOnlyForDeploymentPostprocessing = 0;
			shellPath = /bin/sh;
			shellScript = "\"${PODS_ROOT}/Target Support Files/Pods-TennisPro_OrbitalTests/Pods-TennisPro_OrbitalTests-frameworks.sh\"\n";
			showEnvVarsInLog = 0;
		};
		60D133442294881F1981DC1E /* [CP] Copy Pods Resources */ = {
			isa = PBXShellScriptBuildPhase;
			buildActionMask = 2147483647;
			files = (
			);
			inputFileListPaths = (
				"${PODS_ROOT}/Target Support Files/Pods-TennisPro_Orbital/Pods-TennisPro_Orbital-resources-${CONFIGURATION}-input-files.xcfilelist",
			);
			name = "[CP] Copy Pods Resources";
			outputFileListPaths = (
				"${PODS_ROOT}/Target Support Files/Pods-TennisPro_Orbital/Pods-TennisPro_Orbital-resources-${CONFIGURATION}-output-files.xcfilelist",
			);
			runOnlyForDeploymentPostprocessing = 0;
			shellPath = /bin/sh;
			shellScript = "\"${PODS_ROOT}/Target Support Files/Pods-TennisPro_Orbital/Pods-TennisPro_Orbital-resources.sh\"\n";
			showEnvVarsInLog = 0;
		};
		610DDED3D8700D85094D6EE0 /* [CP] Check Pods Manifest.lock */ = {
			isa = PBXShellScriptBuildPhase;
			buildActionMask = 2147483647;
			files = (
			);
			inputFileListPaths = (
			);
			inputPaths = (
				"${PODS_PODFILE_DIR_PATH}/Podfile.lock",
				"${PODS_ROOT}/Manifest.lock",
			);
			name = "[CP] Check Pods Manifest.lock";
			outputFileListPaths = (
			);
			outputPaths = (
				"$(DERIVED_FILE_DIR)/Pods-TennisPro_OrbitalTests-checkManifestLockResult.txt",
			);
			runOnlyForDeploymentPostprocessing = 0;
			shellPath = /bin/sh;
			shellScript = "diff \"${PODS_PODFILE_DIR_PATH}/Podfile.lock\" \"${PODS_ROOT}/Manifest.lock\" > /dev/null\nif [ $? != 0 ] ; then\n    # print error to STDERR\n    echo \"error: The sandbox is not in sync with the Podfile.lock. Run 'pod install' or update your CocoaPods installation.\" >&2\n    exit 1\nfi\n# This output is used by Xcode 'outputs' to avoid re-running this script phase.\necho \"SUCCESS\" > \"${SCRIPT_OUTPUT_FILE_0}\"\n";
			showEnvVarsInLog = 0;
		};
		7286A5EC8F8FC2E1BB7B42A2 /* [CP] Check Pods Manifest.lock */ = {
			isa = PBXShellScriptBuildPhase;
			buildActionMask = 2147483647;
			files = (
			);
			inputFileListPaths = (
			);
			inputPaths = (
				"${PODS_PODFILE_DIR_PATH}/Podfile.lock",
				"${PODS_ROOT}/Manifest.lock",
			);
			name = "[CP] Check Pods Manifest.lock";
			outputFileListPaths = (
			);
			outputPaths = (
				"$(DERIVED_FILE_DIR)/Pods-TennisPro_Orbital-TennisPro_OrbitalUITests-checkManifestLockResult.txt",
			);
			runOnlyForDeploymentPostprocessing = 0;
			shellPath = /bin/sh;
			shellScript = "diff \"${PODS_PODFILE_DIR_PATH}/Podfile.lock\" \"${PODS_ROOT}/Manifest.lock\" > /dev/null\nif [ $? != 0 ] ; then\n    # print error to STDERR\n    echo \"error: The sandbox is not in sync with the Podfile.lock. Run 'pod install' or update your CocoaPods installation.\" >&2\n    exit 1\nfi\n# This output is used by Xcode 'outputs' to avoid re-running this script phase.\necho \"SUCCESS\" > \"${SCRIPT_OUTPUT_FILE_0}\"\n";
			showEnvVarsInLog = 0;
		};
		E29CDE144B600726081E97C0 /* [CP] Copy Pods Resources */ = {
			isa = PBXShellScriptBuildPhase;
			buildActionMask = 2147483647;
			files = (
			);
			inputFileListPaths = (
				"${PODS_ROOT}/Target Support Files/Pods-TennisPro_OrbitalTests/Pods-TennisPro_OrbitalTests-resources-${CONFIGURATION}-input-files.xcfilelist",
			);
			name = "[CP] Copy Pods Resources";
			outputFileListPaths = (
				"${PODS_ROOT}/Target Support Files/Pods-TennisPro_OrbitalTests/Pods-TennisPro_OrbitalTests-resources-${CONFIGURATION}-output-files.xcfilelist",
			);
			runOnlyForDeploymentPostprocessing = 0;
			shellPath = /bin/sh;
			shellScript = "\"${PODS_ROOT}/Target Support Files/Pods-TennisPro_OrbitalTests/Pods-TennisPro_OrbitalTests-resources.sh\"\n";
			showEnvVarsInLog = 0;
		};
		E7618AC1B2205C3452F13962 /* [CP] Copy Pods Resources */ = {
			isa = PBXShellScriptBuildPhase;
			buildActionMask = 2147483647;
			files = (
			);
			inputFileListPaths = (
				"${PODS_ROOT}/Target Support Files/Pods-TennisPro_Orbital-TennisPro_OrbitalUITests/Pods-TennisPro_Orbital-TennisPro_OrbitalUITests-resources-${CONFIGURATION}-input-files.xcfilelist",
			);
			name = "[CP] Copy Pods Resources";
			outputFileListPaths = (
				"${PODS_ROOT}/Target Support Files/Pods-TennisPro_Orbital-TennisPro_OrbitalUITests/Pods-TennisPro_Orbital-TennisPro_OrbitalUITests-resources-${CONFIGURATION}-output-files.xcfilelist",
			);
			runOnlyForDeploymentPostprocessing = 0;
			shellPath = /bin/sh;
			shellScript = "\"${PODS_ROOT}/Target Support Files/Pods-TennisPro_Orbital-TennisPro_OrbitalUITests/Pods-TennisPro_Orbital-TennisPro_OrbitalUITests-resources.sh\"\n";
			showEnvVarsInLog = 0;
		};
		F42CAA23FAA89E6EFD9E4FDD /* [CP] Check Pods Manifest.lock */ = {
			isa = PBXShellScriptBuildPhase;
			buildActionMask = 2147483647;
			files = (
			);
			inputFileListPaths = (
			);
			inputPaths = (
				"${PODS_PODFILE_DIR_PATH}/Podfile.lock",
				"${PODS_ROOT}/Manifest.lock",
			);
			name = "[CP] Check Pods Manifest.lock";
			outputFileListPaths = (
			);
			outputPaths = (
				"$(DERIVED_FILE_DIR)/Pods-TennisPro_Orbital-checkManifestLockResult.txt",
			);
			runOnlyForDeploymentPostprocessing = 0;
			shellPath = /bin/sh;
			shellScript = "diff \"${PODS_PODFILE_DIR_PATH}/Podfile.lock\" \"${PODS_ROOT}/Manifest.lock\" > /dev/null\nif [ $? != 0 ] ; then\n    # print error to STDERR\n    echo \"error: The sandbox is not in sync with the Podfile.lock. Run 'pod install' or update your CocoaPods installation.\" >&2\n    exit 1\nfi\n# This output is used by Xcode 'outputs' to avoid re-running this script phase.\necho \"SUCCESS\" > \"${SCRIPT_OUTPUT_FILE_0}\"\n";
			showEnvVarsInLog = 0;
		};
/* End PBXShellScriptBuildPhase section */

/* Begin PBXSourcesBuildPhase section */
		486704742C00357300332DE2 /* Sources */ = {
			isa = PBXSourcesBuildPhase;
			buildActionMask = 2147483647;
			files = (
				DE217C782C303383009051DD /* UploadComment.swift in Sources */,
				DEAD783C2C1D63C8009CD325 /* FetchVideo.swift in Sources */,
				DEAD78302C1ABB89009CD325 /* UploadVideo.swift in Sources */,
				DE41B2602C3FD5F200134227 /* ImagePicker.swift in Sources */,
				DE41B25B2C3F860A00134227 /* editProfile.swift in Sources */,
				487C2DEB2C4CA1ED0012A33A /* TriviaView.swift in Sources */,
				DE0E82CA2C05B3DC0009522F /* AuthView.swift in Sources */,
				48BB26D42C2E3FE300FB7260 /* PhotoUpload.swift in Sources */,
				DEAD78222C118AEF009CD325 /* uploadView.swift in Sources */,
				4867047E2C00357300332DE2 /* ContentView.swift in Sources */,
				DEAD78382C1C32D7009CD325 /* ViewModelForum.swift in Sources */,
				48BB26CC2C2D063300FB7260 /* HittingView.swift in Sources */,
				DE217C7A2C3033C1009051DD /* ForumComment.swift in Sources */,
				48BB26D82C2E48B000FB7260 /* BackswingResultsView.swift in Sources */,
				DE0E82C12C0498C20009522F /* loginPage.swift in Sources */,
				DE6FDCA42C46BD6B00F42570 /* UserService.swift in Sources */,
				DE89762E2C3E3A5C0001FA53 /* userProfile.swift in Sources */,
				DE8976302C3E46500001FA53 /* ProfileFilterViewModel.swift in Sources */,
				DEAD78342C1C2A15009CD325 /* forum.swift in Sources */,
				487C2DEF2C4CBFB40012A33A /* endQuizView.swift in Sources */,
				DE217C742C303320009051DD /* comment.swift in Sources */,
				4870B4332C31AB8F002684CF /* Detection.swift in Sources */,
				DE0E82CE2C05BF2F0009522F /* mainPage.swift in Sources */,
				DE8976322C3E62440001FA53 /* FetchPost.swift in Sources */,
				DEAD78322C1C107C009CD325 /* menu.swift in Sources */,
				DE6CDB802C100C66003A5C64 /* WelcomeView.swift in Sources */,
				486704802C00357300332DE2 /* Item.swift in Sources */,
				DE41B2622C3FF49900134227 /* ProfilePhotoUpload.swift in Sources */,
				488E5A512C3FBA1A00C51F27 /* HittingResultsView.swift in Sources */,
				DE217C7C2C303451009051DD /* FetchComment.swift in Sources */,
				DEAD782D2C1AA45F009CD325 /* ContentViewModel.swift in Sources */,
				4867047C2C00357300332DE2 /* TennisPro_OrbitalApp.swift in Sources */,
				DEAD78362C1C32BF009CD325 /* ForumVideo.swift in Sources */,
				48BB26D02C2E38F500FB7260 /* PhotoViewModel.swift in Sources */,
				DE0E82C42C0587640009522F /* Function.swift in Sources */,
				48BB26C82C2D062000FB7260 /* BackswingView.swift in Sources */,
				48BB26C42C2D03B600FB7260 /* AnalysisView.swift in Sources */,
				DE41B2642C40043900134227 /* EditProfileViewModel.swift in Sources */,
				DE0E82C62C058DB90009522F /* signUp.swift in Sources */,
				487C2DE72C4CA1CC0012A33A /* QuizView.swift in Sources */,
				DE217C762C303335009051DD /* textBox.swift in Sources */,
				DE41B2662C40FC2200134227 /* FetchUser.swift in Sources */,
			);
			runOnlyForDeploymentPostprocessing = 0;
		};
		486704862C00357400332DE2 /* Sources */ = {
			isa = PBXSourcesBuildPhase;
			buildActionMask = 2147483647;
			files = (
				48BB26C52C2D03B600FB7260 /* AnalysisView.swift in Sources */,
				488E5A522C3FBA1A00C51F27 /* HittingResultsView.swift in Sources */,
				4870B4342C31AB8F002684CF /* Detection.swift in Sources */,
				48BB26D52C2E3FE300FB7260 /* PhotoUpload.swift in Sources */,
				4867048F2C00357400332DE2 /* TennisPro_OrbitalTests.swift in Sources */,
				48BB26CD2C2D063300FB7260 /* HittingView.swift in Sources */,
				487C2DEC2C4CA1ED0012A33A /* TriviaView.swift in Sources */,
				487C2DF02C4CBFB40012A33A /* endQuizView.swift in Sources */,
				48BB26C92C2D062000FB7260 /* BackswingView.swift in Sources */,
				487C2DE82C4CA1CC0012A33A /* QuizView.swift in Sources */,
				48BB26D12C2E38F500FB7260 /* PhotoViewModel.swift in Sources */,
				48BB26D92C2E48B000FB7260 /* BackswingResultsView.swift in Sources */,
			);
			runOnlyForDeploymentPostprocessing = 0;
		};
		486704902C00357400332DE2 /* Sources */ = {
			isa = PBXSourcesBuildPhase;
			buildActionMask = 2147483647;
			files = (
				486704992C00357400332DE2 /* TennisPro_OrbitalUITests.swift in Sources */,
				487C2DED2C4CA1ED0012A33A /* TriviaView.swift in Sources */,
				48BB26D22C2E38F500FB7260 /* PhotoViewModel.swift in Sources */,
				487C2DE92C4CA1CC0012A33A /* QuizView.swift in Sources */,
				48BB26CE2C2D063300FB7260 /* HittingView.swift in Sources */,
				48BB26DA2C2E48B000FB7260 /* BackswingResultsView.swift in Sources */,
				487C2DF12C4CBFB40012A33A /* endQuizView.swift in Sources */,
				48BB26D62C2E3FE300FB7260 /* PhotoUpload.swift in Sources */,
				48BB26C62C2D03B600FB7260 /* AnalysisView.swift in Sources */,
				48BB26CA2C2D062000FB7260 /* BackswingView.swift in Sources */,
				4870B4352C31AB8F002684CF /* Detection.swift in Sources */,
				4867049B2C00357400332DE2 /* TennisPro_OrbitalUITestsLaunchTests.swift in Sources */,
				488E5A532C3FBA1A00C51F27 /* HittingResultsView.swift in Sources */,
			);
			runOnlyForDeploymentPostprocessing = 0;
		};
/* End PBXSourcesBuildPhase section */

/* Begin PBXTargetDependency section */
		4867048C2C00357400332DE2 /* PBXTargetDependency */ = {
			isa = PBXTargetDependency;
			target = 486704772C00357300332DE2 /* TennisPro_Orbital */;
			targetProxy = 4867048B2C00357400332DE2 /* PBXContainerItemProxy */;
		};
		486704962C00357400332DE2 /* PBXTargetDependency */ = {
			isa = PBXTargetDependency;
			target = 486704772C00357300332DE2 /* TennisPro_Orbital */;
			targetProxy = 486704952C00357400332DE2 /* PBXContainerItemProxy */;
		};
/* End PBXTargetDependency section */

/* Begin XCBuildConfiguration section */
		4867049C2C00357400332DE2 /* Debug */ = {
			isa = XCBuildConfiguration;
			buildSettings = {
				ALWAYS_SEARCH_USER_PATHS = NO;
				ASSETCATALOG_COMPILER_GENERATE_SWIFT_ASSET_SYMBOL_EXTENSIONS = YES;
				CLANG_ANALYZER_NONNULL = YES;
				CLANG_ANALYZER_NUMBER_OBJECT_CONVERSION = YES_AGGRESSIVE;
				CLANG_CXX_LANGUAGE_STANDARD = "gnu++20";
				CLANG_ENABLE_MODULES = YES;
				CLANG_ENABLE_OBJC_ARC = YES;
				CLANG_ENABLE_OBJC_WEAK = YES;
				CLANG_WARN_BLOCK_CAPTURE_AUTORELEASING = YES;
				CLANG_WARN_BOOL_CONVERSION = YES;
				CLANG_WARN_COMMA = YES;
				CLANG_WARN_CONSTANT_CONVERSION = YES;
				CLANG_WARN_DEPRECATED_OBJC_IMPLEMENTATIONS = YES;
				CLANG_WARN_DIRECT_OBJC_ISA_USAGE = YES_ERROR;
				CLANG_WARN_DOCUMENTATION_COMMENTS = YES;
				CLANG_WARN_EMPTY_BODY = YES;
				CLANG_WARN_ENUM_CONVERSION = YES;
				CLANG_WARN_INFINITE_RECURSION = YES;
				CLANG_WARN_INT_CONVERSION = YES;
				CLANG_WARN_NON_LITERAL_NULL_CONVERSION = YES;
				CLANG_WARN_OBJC_IMPLICIT_RETAIN_SELF = YES;
				CLANG_WARN_OBJC_LITERAL_CONVERSION = YES;
				CLANG_WARN_OBJC_ROOT_CLASS = YES_ERROR;
				CLANG_WARN_QUOTED_INCLUDE_IN_FRAMEWORK_HEADER = YES;
				CLANG_WARN_RANGE_LOOP_ANALYSIS = YES;
				CLANG_WARN_STRICT_PROTOTYPES = YES;
				CLANG_WARN_SUSPICIOUS_MOVE = YES;
				CLANG_WARN_UNGUARDED_AVAILABILITY = YES_AGGRESSIVE;
				CLANG_WARN_UNREACHABLE_CODE = YES;
				CLANG_WARN__DUPLICATE_METHOD_MATCH = YES;
				COPY_PHASE_STRIP = NO;
				DEBUG_INFORMATION_FORMAT = dwarf;
				ENABLE_STRICT_OBJC_MSGSEND = YES;
				ENABLE_TESTABILITY = YES;
				ENABLE_USER_SCRIPT_SANDBOXING = NO;
				GCC_C_LANGUAGE_STANDARD = gnu17;
				GCC_DYNAMIC_NO_PIC = NO;
				GCC_NO_COMMON_BLOCKS = YES;
				GCC_OPTIMIZATION_LEVEL = 0;
				GCC_PREPROCESSOR_DEFINITIONS = (
					"DEBUG=1",
					"$(inherited)",
				);
				GCC_WARN_64_TO_32_BIT_CONVERSION = YES;
				GCC_WARN_ABOUT_RETURN_TYPE = YES_ERROR;
				GCC_WARN_UNDECLARED_SELECTOR = YES;
				GCC_WARN_UNINITIALIZED_AUTOS = YES_AGGRESSIVE;
				GCC_WARN_UNUSED_FUNCTION = YES;
				GCC_WARN_UNUSED_VARIABLE = YES;
				IPHONEOS_DEPLOYMENT_TARGET = 17.2;
				LOCALIZATION_PREFERS_STRING_CATALOGS = YES;
				MTL_ENABLE_DEBUG_INFO = INCLUDE_SOURCE;
				MTL_FAST_MATH = YES;
				ONLY_ACTIVE_ARCH = YES;
				SDKROOT = iphoneos;
				SWIFT_ACTIVE_COMPILATION_CONDITIONS = "DEBUG $(inherited)";
				SWIFT_OPTIMIZATION_LEVEL = "-Onone";
			};
			name = Debug;
		};
		4867049D2C00357400332DE2 /* Release */ = {
			isa = XCBuildConfiguration;
			buildSettings = {
				ALWAYS_SEARCH_USER_PATHS = NO;
				ASSETCATALOG_COMPILER_GENERATE_SWIFT_ASSET_SYMBOL_EXTENSIONS = YES;
				CLANG_ANALYZER_NONNULL = YES;
				CLANG_ANALYZER_NUMBER_OBJECT_CONVERSION = YES_AGGRESSIVE;
				CLANG_CXX_LANGUAGE_STANDARD = "gnu++20";
				CLANG_ENABLE_MODULES = YES;
				CLANG_ENABLE_OBJC_ARC = YES;
				CLANG_ENABLE_OBJC_WEAK = YES;
				CLANG_WARN_BLOCK_CAPTURE_AUTORELEASING = YES;
				CLANG_WARN_BOOL_CONVERSION = YES;
				CLANG_WARN_COMMA = YES;
				CLANG_WARN_CONSTANT_CONVERSION = YES;
				CLANG_WARN_DEPRECATED_OBJC_IMPLEMENTATIONS = YES;
				CLANG_WARN_DIRECT_OBJC_ISA_USAGE = YES_ERROR;
				CLANG_WARN_DOCUMENTATION_COMMENTS = YES;
				CLANG_WARN_EMPTY_BODY = YES;
				CLANG_WARN_ENUM_CONVERSION = YES;
				CLANG_WARN_INFINITE_RECURSION = YES;
				CLANG_WARN_INT_CONVERSION = YES;
				CLANG_WARN_NON_LITERAL_NULL_CONVERSION = YES;
				CLANG_WARN_OBJC_IMPLICIT_RETAIN_SELF = YES;
				CLANG_WARN_OBJC_LITERAL_CONVERSION = YES;
				CLANG_WARN_OBJC_ROOT_CLASS = YES_ERROR;
				CLANG_WARN_QUOTED_INCLUDE_IN_FRAMEWORK_HEADER = YES;
				CLANG_WARN_RANGE_LOOP_ANALYSIS = YES;
				CLANG_WARN_STRICT_PROTOTYPES = YES;
				CLANG_WARN_SUSPICIOUS_MOVE = YES;
				CLANG_WARN_UNGUARDED_AVAILABILITY = YES_AGGRESSIVE;
				CLANG_WARN_UNREACHABLE_CODE = YES;
				CLANG_WARN__DUPLICATE_METHOD_MATCH = YES;
				COPY_PHASE_STRIP = NO;
				DEBUG_INFORMATION_FORMAT = "dwarf-with-dsym";
				ENABLE_NS_ASSERTIONS = NO;
				ENABLE_STRICT_OBJC_MSGSEND = YES;
				ENABLE_USER_SCRIPT_SANDBOXING = NO;
				GCC_C_LANGUAGE_STANDARD = gnu17;
				GCC_NO_COMMON_BLOCKS = YES;
				GCC_WARN_64_TO_32_BIT_CONVERSION = YES;
				GCC_WARN_ABOUT_RETURN_TYPE = YES_ERROR;
				GCC_WARN_UNDECLARED_SELECTOR = YES;
				GCC_WARN_UNINITIALIZED_AUTOS = YES_AGGRESSIVE;
				GCC_WARN_UNUSED_FUNCTION = YES;
				GCC_WARN_UNUSED_VARIABLE = YES;
				IPHONEOS_DEPLOYMENT_TARGET = 17.2;
				LOCALIZATION_PREFERS_STRING_CATALOGS = YES;
				MTL_ENABLE_DEBUG_INFO = NO;
				MTL_FAST_MATH = YES;
				SDKROOT = iphoneos;
				SWIFT_COMPILATION_MODE = wholemodule;
				VALIDATE_PRODUCT = YES;
			};
			name = Release;
		};
		4867049F2C00357400332DE2 /* Debug */ = {
			isa = XCBuildConfiguration;
			baseConfigurationReference = 961CA8F31CA56E13C221C6A9 /* Pods-TennisPro_Orbital.debug.xcconfig */;
			buildSettings = {
				ASSETCATALOG_COMPILER_APPICON_NAME = AppIcon;
				ASSETCATALOG_COMPILER_GLOBAL_ACCENT_COLOR_NAME = AccentColor;
				CODE_SIGN_STYLE = Automatic;
				CURRENT_PROJECT_VERSION = 1;
				DEVELOPMENT_ASSET_PATHS = "\"TennisPro_Orbital/Preview Content\"";
				DEVELOPMENT_TEAM = 5CQ63QLB75;
				ENABLE_PREVIEWS = YES;
				GENERATE_INFOPLIST_FILE = YES;
				INFOPLIST_KEY_UIApplicationSceneManifest_Generation = YES;
				INFOPLIST_KEY_UIApplicationSupportsIndirectInputEvents = YES;
				INFOPLIST_KEY_UILaunchScreen_Generation = YES;
				INFOPLIST_KEY_UISupportedInterfaceOrientations_iPad = "UIInterfaceOrientationPortrait UIInterfaceOrientationPortraitUpsideDown UIInterfaceOrientationLandscapeLeft UIInterfaceOrientationLandscapeRight";
				INFOPLIST_KEY_UISupportedInterfaceOrientations_iPhone = "UIInterfaceOrientationPortrait UIInterfaceOrientationLandscapeLeft UIInterfaceOrientationLandscapeRight";
				LD_RUNPATH_SEARCH_PATHS = (
					"$(inherited)",
					"@executable_path/Frameworks",
				);
				MARKETING_VERSION = 1.0;
				PRODUCT_BUNDLE_IDENTIFIER = "NUS.TennisPro-Orbital";
				PRODUCT_NAME = "$(TARGET_NAME)";
				SWIFT_EMIT_LOC_STRINGS = YES;
				SWIFT_VERSION = 5.0;
				TARGETED_DEVICE_FAMILY = "1,2";
			};
			name = Debug;
		};
		486704A02C00357400332DE2 /* Release */ = {
			isa = XCBuildConfiguration;
			baseConfigurationReference = 8A54A260B424ED73CE85C241 /* Pods-TennisPro_Orbital.release.xcconfig */;
			buildSettings = {
				ASSETCATALOG_COMPILER_APPICON_NAME = AppIcon;
				ASSETCATALOG_COMPILER_GLOBAL_ACCENT_COLOR_NAME = AccentColor;
				CODE_SIGN_STYLE = Automatic;
				CURRENT_PROJECT_VERSION = 1;
				DEVELOPMENT_ASSET_PATHS = "\"TennisPro_Orbital/Preview Content\"";
				DEVELOPMENT_TEAM = 5CQ63QLB75;
				ENABLE_PREVIEWS = YES;
				GENERATE_INFOPLIST_FILE = YES;
				INFOPLIST_KEY_UIApplicationSceneManifest_Generation = YES;
				INFOPLIST_KEY_UIApplicationSupportsIndirectInputEvents = YES;
				INFOPLIST_KEY_UILaunchScreen_Generation = YES;
				INFOPLIST_KEY_UISupportedInterfaceOrientations_iPad = "UIInterfaceOrientationPortrait UIInterfaceOrientationPortraitUpsideDown UIInterfaceOrientationLandscapeLeft UIInterfaceOrientationLandscapeRight";
				INFOPLIST_KEY_UISupportedInterfaceOrientations_iPhone = "UIInterfaceOrientationPortrait UIInterfaceOrientationLandscapeLeft UIInterfaceOrientationLandscapeRight";
				LD_RUNPATH_SEARCH_PATHS = (
					"$(inherited)",
					"@executable_path/Frameworks",
				);
				MARKETING_VERSION = 1.0;
				PRODUCT_BUNDLE_IDENTIFIER = "NUS.TennisPro-Orbital";
				PRODUCT_NAME = "$(TARGET_NAME)";
				SWIFT_EMIT_LOC_STRINGS = YES;
				SWIFT_VERSION = 5.0;
				TARGETED_DEVICE_FAMILY = "1,2";
			};
			name = Release;
		};
		486704A22C00357400332DE2 /* Debug */ = {
			isa = XCBuildConfiguration;
			baseConfigurationReference = CD0CD89C5A81CE3088BE79D3 /* Pods-TennisPro_OrbitalTests.debug.xcconfig */;
			buildSettings = {
				ALWAYS_EMBED_SWIFT_STANDARD_LIBRARIES = YES;
				BUNDLE_LOADER = "$(TEST_HOST)";
				CODE_SIGN_STYLE = Automatic;
				CURRENT_PROJECT_VERSION = 1;
				GENERATE_INFOPLIST_FILE = YES;
				IPHONEOS_DEPLOYMENT_TARGET = 17.4;
				MARKETING_VERSION = 1.0;
				PRODUCT_BUNDLE_IDENTIFIER = "NUS.TennisPro-OrbitalTests";
				PRODUCT_NAME = "$(TARGET_NAME)";
				SWIFT_EMIT_LOC_STRINGS = NO;
				SWIFT_VERSION = 5.0;
				TARGETED_DEVICE_FAMILY = "1,2";
				TEST_HOST = "$(BUILT_PRODUCTS_DIR)/TennisPro_Orbital.app/$(BUNDLE_EXECUTABLE_FOLDER_PATH)/TennisPro_Orbital";
			};
			name = Debug;
		};
		486704A32C00357400332DE2 /* Release */ = {
			isa = XCBuildConfiguration;
			baseConfigurationReference = 60773F479A9EC97C146CC646 /* Pods-TennisPro_OrbitalTests.release.xcconfig */;
			buildSettings = {
				ALWAYS_EMBED_SWIFT_STANDARD_LIBRARIES = YES;
				BUNDLE_LOADER = "$(TEST_HOST)";
				CODE_SIGN_STYLE = Automatic;
				CURRENT_PROJECT_VERSION = 1;
				GENERATE_INFOPLIST_FILE = YES;
				IPHONEOS_DEPLOYMENT_TARGET = 17.4;
				MARKETING_VERSION = 1.0;
				PRODUCT_BUNDLE_IDENTIFIER = "NUS.TennisPro-OrbitalTests";
				PRODUCT_NAME = "$(TARGET_NAME)";
				SWIFT_EMIT_LOC_STRINGS = NO;
				SWIFT_VERSION = 5.0;
				TARGETED_DEVICE_FAMILY = "1,2";
				TEST_HOST = "$(BUILT_PRODUCTS_DIR)/TennisPro_Orbital.app/$(BUNDLE_EXECUTABLE_FOLDER_PATH)/TennisPro_Orbital";
			};
			name = Release;
		};
		486704A52C00357400332DE2 /* Debug */ = {
			isa = XCBuildConfiguration;
			baseConfigurationReference = 887D7D9DC8B1FC101318A272 /* Pods-TennisPro_Orbital-TennisPro_OrbitalUITests.debug.xcconfig */;
			buildSettings = {
				ALWAYS_EMBED_SWIFT_STANDARD_LIBRARIES = YES;
				CODE_SIGN_STYLE = Automatic;
				CURRENT_PROJECT_VERSION = 1;
				GENERATE_INFOPLIST_FILE = YES;
				MARKETING_VERSION = 1.0;
				PRODUCT_BUNDLE_IDENTIFIER = "NUS.TennisPro-OrbitalUITests";
				PRODUCT_NAME = "$(TARGET_NAME)";
				SWIFT_EMIT_LOC_STRINGS = NO;
				SWIFT_VERSION = 5.0;
				TARGETED_DEVICE_FAMILY = "1,2";
				TEST_TARGET_NAME = TennisPro_Orbital;
			};
			name = Debug;
		};
		486704A62C00357400332DE2 /* Release */ = {
			isa = XCBuildConfiguration;
			baseConfigurationReference = BDD3804F681E4EF99C0D04F7 /* Pods-TennisPro_Orbital-TennisPro_OrbitalUITests.release.xcconfig */;
			buildSettings = {
				ALWAYS_EMBED_SWIFT_STANDARD_LIBRARIES = YES;
				CODE_SIGN_STYLE = Automatic;
				CURRENT_PROJECT_VERSION = 1;
				GENERATE_INFOPLIST_FILE = YES;
				MARKETING_VERSION = 1.0;
				PRODUCT_BUNDLE_IDENTIFIER = "NUS.TennisPro-OrbitalUITests";
				PRODUCT_NAME = "$(TARGET_NAME)";
				SWIFT_EMIT_LOC_STRINGS = NO;
				SWIFT_VERSION = 5.0;
				TARGETED_DEVICE_FAMILY = "1,2";
				TEST_TARGET_NAME = TennisPro_Orbital;
			};
			name = Release;
		};
/* End XCBuildConfiguration section */

/* Begin XCConfigurationList section */
		486704732C00357300332DE2 /* Build configuration list for PBXProject "TennisPro_Orbital" */ = {
			isa = XCConfigurationList;
			buildConfigurations = (
				4867049C2C00357400332DE2 /* Debug */,
				4867049D2C00357400332DE2 /* Release */,
			);
			defaultConfigurationIsVisible = 0;
			defaultConfigurationName = Release;
		};
		4867049E2C00357400332DE2 /* Build configuration list for PBXNativeTarget "TennisPro_Orbital" */ = {
			isa = XCConfigurationList;
			buildConfigurations = (
				4867049F2C00357400332DE2 /* Debug */,
				486704A02C00357400332DE2 /* Release */,
			);
			defaultConfigurationIsVisible = 0;
			defaultConfigurationName = Release;
		};
		486704A12C00357400332DE2 /* Build configuration list for PBXNativeTarget "TennisPro_OrbitalTests" */ = {
			isa = XCConfigurationList;
			buildConfigurations = (
				486704A22C00357400332DE2 /* Debug */,
				486704A32C00357400332DE2 /* Release */,
			);
			defaultConfigurationIsVisible = 0;
			defaultConfigurationName = Release;
		};
		486704A42C00357400332DE2 /* Build configuration list for PBXNativeTarget "TennisPro_OrbitalUITests" */ = {
			isa = XCConfigurationList;
			buildConfigurations = (
				486704A52C00357400332DE2 /* Debug */,
				486704A62C00357400332DE2 /* Release */,
			);
			defaultConfigurationIsVisible = 0;
			defaultConfigurationName = Release;
		};
/* End XCConfigurationList section */

/* Begin XCRemoteSwiftPackageReference section */
		DE0E82AE2C0470760009522F /* XCRemoteSwiftPackageReference "firebase-ios-sdk" */ = {
			isa = XCRemoteSwiftPackageReference;
			repositoryURL = "https://github.com/firebase/firebase-ios-sdk";
			requirement = {
				kind = upToNextMajorVersion;
				minimumVersion = 10.26.0;
			};
		};
		DE6FDC9F2C45619600F42570 /* XCRemoteSwiftPackageReference "Kingfisher" */ = {
			isa = XCRemoteSwiftPackageReference;
			repositoryURL = "https://github.com/onevcat/Kingfisher.git";
			requirement = {
				kind = upToNextMajorVersion;
				minimumVersion = 7.12.0;
			};
		};
/* End XCRemoteSwiftPackageReference section */

/* Begin XCSwiftPackageProductDependency section */
		DE0E82AF2C0470760009522F /* FirebaseAnalytics */ = {
			isa = XCSwiftPackageProductDependency;
			package = DE0E82AE2C0470760009522F /* XCRemoteSwiftPackageReference "firebase-ios-sdk" */;
			productName = FirebaseAnalytics;
		};
		DE0E82B12C0470760009522F /* FirebaseAuth */ = {
			isa = XCSwiftPackageProductDependency;
			package = DE0E82AE2C0470760009522F /* XCRemoteSwiftPackageReference "firebase-ios-sdk" */;
			productName = FirebaseAuth;
		};
		DE0E82B32C0470760009522F /* FirebaseDatabase */ = {
			isa = XCSwiftPackageProductDependency;
			package = DE0E82AE2C0470760009522F /* XCRemoteSwiftPackageReference "firebase-ios-sdk" */;
			productName = FirebaseDatabase;
		};
		DE0E82B52C0470760009522F /* FirebaseFirestore */ = {
			isa = XCSwiftPackageProductDependency;
			package = DE0E82AE2C0470760009522F /* XCRemoteSwiftPackageReference "firebase-ios-sdk" */;
			productName = FirebaseFirestore;
		};
		DE0E82B72C0470760009522F /* FirebaseStorage */ = {
			isa = XCSwiftPackageProductDependency;
			package = DE0E82AE2C0470760009522F /* XCRemoteSwiftPackageReference "firebase-ios-sdk" */;
			productName = FirebaseStorage;
		};
		DE217C6D2C301C03009051DD /* FirebaseDynamicLinks */ = {
			isa = XCSwiftPackageProductDependency;
			productName = FirebaseDynamicLinks;
		};
		DE6FDCA02C45619600F42570 /* Kingfisher */ = {
			isa = XCSwiftPackageProductDependency;
			package = DE6FDC9F2C45619600F42570 /* XCRemoteSwiftPackageReference "Kingfisher" */;
			productName = Kingfisher;
		};
		DEAD78232C188374009CD325 /* FirebaseAppDistribution-Beta */ = {
			isa = XCSwiftPackageProductDependency;
			package = DE0E82AE2C0470760009522F /* XCRemoteSwiftPackageReference "firebase-ios-sdk" */;
			productName = "FirebaseAppDistribution-Beta";
		};
		DEAD78252C188374009CD325 /* FirebaseMLModelDownloader */ = {
			isa = XCSwiftPackageProductDependency;
			package = DE0E82AE2C0470760009522F /* XCRemoteSwiftPackageReference "firebase-ios-sdk" */;
			productName = FirebaseMLModelDownloader;
		};
		DEAD78272C188374009CD325 /* FirebaseVertexAI-Preview */ = {
			isa = XCSwiftPackageProductDependency;
			package = DE0E82AE2C0470760009522F /* XCRemoteSwiftPackageReference "firebase-ios-sdk" */;
			productName = "FirebaseVertexAI-Preview";
		};
		DEAD783D2C1D64BC009CD325 /* FirebaseFirestoreSwift */ = {
			isa = XCSwiftPackageProductDependency;
			package = DE0E82AE2C0470760009522F /* XCRemoteSwiftPackageReference "firebase-ios-sdk" */;
			productName = FirebaseFirestoreSwift;
		};
		DEAD783F2C1D64EE009CD325 /* FirebaseFirestoreSwift */ = {
			isa = XCSwiftPackageProductDependency;
			package = DE0E82AE2C0470760009522F /* XCRemoteSwiftPackageReference "firebase-ios-sdk" */;
			productName = FirebaseFirestoreSwift;
		};
		DEAD78882C22C269009CD325 /* FirebaseDatabaseSwift */ = {
			isa = XCSwiftPackageProductDependency;
			package = DE0E82AE2C0470760009522F /* XCRemoteSwiftPackageReference "firebase-ios-sdk" */;
			productName = FirebaseDatabaseSwift;
		};
/* End XCSwiftPackageProductDependency section */
	};
	rootObject = 486704702C00357300332DE2 /* Project object */;
}
